// !$*UTF8*$!
{
	archiveVersion = 1;
	classes = {
	};
	objectVersion = 46;
	objects = {

/* Begin PBXBuildFile section */
		B4B3D33C1AEB5B8400FDECE5 /* main.m in Sources */ = {isa = PBXBuildFile; fileRef = B4B3D33B1AEB5B8400FDECE5 /* main.m */; };
		B4B3D33F1AEB5B8400FDECE5 /* AppDelegate.m in Sources */ = {isa = PBXBuildFile; fileRef = B4B3D33E1AEB5B8400FDECE5 /* AppDelegate.m */; };
		B4B3D3421AEB5B8400FDECE5 /* ViewController.m in Sources */ = {isa = PBXBuildFile; fileRef = B4B3D3411AEB5B8400FDECE5 /* ViewController.m */; };
		B4B3D3451AEB5B8400FDECE5 /* Main.storyboard in Resources */ = {isa = PBXBuildFile; fileRef = B4B3D3431AEB5B8400FDECE5 /* Main.storyboard */; };
		B4B3D3471AEB5B8400FDECE5 /* Images.xcassets in Resources */ = {isa = PBXBuildFile; fileRef = B4B3D3461AEB5B8400FDECE5 /* Images.xcassets */; };
		B4B3D34A1AEB5B8400FDECE5 /* LaunchScreen.xib in Resources */ = {isa = PBXBuildFile; fileRef = B4B3D3481AEB5B8400FDECE5 /* LaunchScreen.xib */; };
		B4B3D3561AEB5B8400FDECE5 /* mycoredata1Tests.m in Sources */ = {isa = PBXBuildFile; fileRef = B4B3D3551AEB5B8400FDECE5 /* mycoredata1Tests.m */; };
		B4B3D3611AEB624500FDECE5 /* Corestack.m in Sources */ = {isa = PBXBuildFile; fileRef = B4B3D3601AEB624500FDECE5 /* Corestack.m */; };
/* End PBXBuildFile section */

/* Begin PBXContainerItemProxy section */
		B4B3D3501AEB5B8400FDECE5 /* PBXContainerItemProxy */ = {
			isa = PBXContainerItemProxy;
			containerPortal = B4B3D32E1AEB5B8400FDECE5 /* Project object */;
			proxyType = 1;
			remoteGlobalIDString = B4B3D3351AEB5B8400FDECE5;
			remoteInfo = mycoredata1;
		};
/* End PBXContainerItemProxy section */

/* Begin PBXFileReference section */
		B4B3D3361AEB5B8400FDECE5 /* mycoredata1.app */ = {isa = PBXFileReference; explicitFileType = wrapper.application; includeInIndex = 0; path = mycoredata1.app; sourceTree = BUILT_PRODUCTS_DIR; };
		B4B3D33A1AEB5B8400FDECE5 /* Info.plist */ = {isa = PBXFileReference; lastKnownFileType = text.plist.xml; path = Info.plist; sourceTree = "<group>"; };
		B4B3D33B1AEB5B8400FDECE5 /* main.m */ = {isa = PBXFileReference; lastKnownFileType = sourcecode.c.objc; path = main.m; sourceTree = "<group>"; };
		B4B3D33D1AEB5B8400FDECE5 /* AppDelegate.h */ = {isa = PBXFileReference; lastKnownFileType = sourcecode.c.h; path = AppDelegate.h; sourceTree = "<group>"; };
		B4B3D33E1AEB5B8400FDECE5 /* AppDelegate.m */ = {isa = PBXFileReference; lastKnownFileType = sourcecode.c.objc; path = AppDelegate.m; sourceTree = "<group>"; };
		B4B3D3401AEB5B8400FDECE5 /* ViewController.h */ = {isa = PBXFileReference; lastKnownFileType = sourcecode.c.h; path = ViewController.h; sourceTree = "<group>"; };
		B4B3D3411AEB5B8400FDECE5 /* ViewController.m */ = {isa = PBXFileReference; lastKnownFileType = sourcecode.c.objc; path = ViewController.m; sourceTree = "<group>"; };
		B4B3D3441AEB5B8400FDECE5 /* Base */ = {isa = PBXFileReference; lastKnownFileType = file.storyboard; name = Base; path = Base.lproj/Main.storyboard; sourceTree = "<group>"; };
		B4B3D3461AEB5B8400FDECE5 /* Images.xcassets */ = {isa = PBXFileReference; lastKnownFileType = folder.assetcatalog; path = Images.xcassets; sourceTree = "<group>"; };
		B4B3D3491AEB5B8400FDECE5 /* Base */ = {isa = PBXFileReference; lastKnownFileType = file.xib; name = Base; path = Base.lproj/LaunchScreen.xib; sourceTree = "<group>"; };
		B4B3D34F1AEB5B8400FDECE5 /* mycoredata1Tests.xctest */ = {isa = PBXFileReference; explicitFileType = wrapper.cfbundle; includeInIndex = 0; path = mycoredata1Tests.xctest; sourceTree = BUILT_PRODUCTS_DIR; };
		B4B3D3541AEB5B8400FDECE5 /* Info.plist */ = {isa = PBXFileReference; lastKnownFileType = text.plist.xml; path = Info.plist; sourceTree = "<group>"; };
		B4B3D3551AEB5B8400FDECE5 /* mycoredata1Tests.m */ = {isa = PBXFileReference; lastKnownFileType = sourcecode.c.objc; path = mycoredata1Tests.m; sourceTree = "<group>"; };
		B4B3D35F1AEB613800FDECE5 /* CoreStack.h */ = {isa = PBXFileReference; lastKnownFileType = sourcecode.c.h; path = CoreStack.h; sourceTree = "<group>"; };
		B4B3D3601AEB624500FDECE5 /* Corestack.m */ = {isa = PBXFileReference; fileEncoding = 4; lastKnownFileType = sourcecode.c.objc; path = Corestack.m; sourceTree = "<group>"; };
/* End PBXFileReference section */

/* Begin PBXFrameworksBuildPhase section */
		B4B3D3331AEB5B8400FDECE5 /* Frameworks */ = {
			isa = PBXFrameworksBuildPhase;
			buildActionMask = 2147483647;
			files = (
			);
			runOnlyForDeploymentPostprocessing = 0;
		};
		B4B3D34C1AEB5B8400FDECE5 /* Frameworks */ = {
			isa = PBXFrameworksBuildPhase;
			buildActionMask = 2147483647;
			files = (
			);
			runOnlyForDeploymentPostprocessing = 0;
		};
/* End PBXFrameworksBuildPhase section */

/* Begin PBXGroup section */
		B4B3D32D1AEB5B8400FDECE5 = {
			isa = PBXGroup;
			children = (
				B4B3D3381AEB5B8400FDECE5 /* mycoredata1 */,
				B4B3D3521AEB5B8400FDECE5 /* mycoredata1Tests */,
				B4B3D3371AEB5B8400FDECE5 /* Products */,
			);
			sourceTree = "<group>";
		};
		B4B3D3371AEB5B8400FDECE5 /* Products */ = {
			isa = PBXGroup;
			children = (
				B4B3D3361AEB5B8400FDECE5 /* mycoredata1.app */,
				B4B3D34F1AEB5B8400FDECE5 /* mycoredata1Tests.xctest */,
			);
			name = Products;
			sourceTree = "<group>";
		};
		B4B3D3381AEB5B8400FDECE5 /* mycoredata1 */ = {
			isa = PBXGroup;
			children = (
				B4B3D33D1AEB5B8400FDECE5 /* AppDelegate.h */,
				B4B3D33E1AEB5B8400FDECE5 /* AppDelegate.m */,
				B4B3D3401AEB5B8400FDECE5 /* ViewController.h */,
				B4B3D3411AEB5B8400FDECE5 /* ViewController.m */,
				B4B3D35F1AEB613800FDECE5 /* CoreStack.h */,
				B4B3D3601AEB624500FDECE5 /* Corestack.m */,
				B4B3D3431AEB5B8400FDECE5 /* Main.storyboard */,
				B4B3D3461AEB5B8400FDECE5 /* Images.xcassets */,
				B4B3D3481AEB5B8400FDECE5 /* LaunchScreen.xib */,
				B4B3D3391AEB5B8400FDECE5 /* Supporting Files */,
			);
			path = mycoredata1;
			sourceTree = "<group>";
		};
		B4B3D3391AEB5B8400FDECE5 /* Supporting Files */ = {
			isa = PBXGroup;
			children = (
				B4B3D33A1AEB5B8400FDECE5 /* Info.plist */,
				B4B3D33B1AEB5B8400FDECE5 /* main.m */,
			);
			name = "Supporting Files";
			sourceTree = "<group>";
		};
		B4B3D3521AEB5B8400FDECE5 /* mycoredata1Tests */ = {
			isa = PBXGroup;
			children = (
				B4B3D3551AEB5B8400FDECE5 /* mycoredata1Tests.m */,
				B4B3D3531AEB5B8400FDECE5 /* Supporting Files */,
			);
			path = mycoredata1Tests;
			sourceTree = "<group>";
		};
		B4B3D3531AEB5B8400FDECE5 /* Supporting Files */ = {
			isa = PBXGroup;
			children = (
				B4B3D3541AEB5B8400FDECE5 /* Info.plist */,
			);
			name = "Supporting Files";
			sourceTree = "<group>";
		};
/* End PBXGroup section */

/* Begin PBXNativeTarget section */
		B4B3D3351AEB5B8400FDECE5 /* mycoredata1 */ = {
			isa = PBXNativeTarget;
			buildConfigurationList = B4B3D3591AEB5B8400FDECE5 /* Build configuration list for PBXNativeTarget "mycoredata1" */;
			buildPhases = (
				B4B3D3321AEB5B8400FDECE5 /* Sources */,
				B4B3D3331AEB5B8400FDECE5 /* Frameworks */,
				B4B3D3341AEB5B8400FDECE5 /* Resources */,
			);
			buildRules = (
			);
			dependencies = (
			);
			name = mycoredata1;
			productName = mycoredata1;
			productReference = B4B3D3361AEB5B8400FDECE5 /* mycoredata1.app */;
			productType = "com.apple.product-type.application";
		};
		B4B3D34E1AEB5B8400FDECE5 /* mycoredata1Tests */ = {
			isa = PBXNativeTarget;
			buildConfigurationList = B4B3D35C1AEB5B8400FDECE5 /* Build configuration list for PBXNativeTarget "mycoredata1Tests" */;
			buildPhases = (
				B4B3D34B1AEB5B8400FDECE5 /* Sources */,
				B4B3D34C1AEB5B8400FDECE5 /* Frameworks */,
				B4B3D34D1AEB5B8400FDECE5 /* Resources */,
			);
			buildRules = (
			);
			dependencies = (
				B4B3D3511AEB5B8400FDECE5 /* PBXTargetDependency */,
			);
			name = mycoredata1Tests;
			productName = mycoredata1Tests;
			productReference = B4B3D34F1AEB5B8400FDECE5 /* mycoredata1Tests.xctest */;
			productType = "com.apple.product-type.bundle.unit-test";
		};
/* End PBXNativeTarget section */

/* Begin PBXProject section */
		B4B3D32E1AEB5B8400FDECE5 /* Project object */ = {
			isa = PBXProject;
			attributes = {
				LastUpgradeCheck = 0610;
				ORGANIZATIONNAME = FT;
				TargetAttributes = {
					B4B3D3351AEB5B8400FDECE5 = {
						CreatedOnToolsVersion = 6.1.1;
					};
					B4B3D34E1AEB5B8400FDECE5 = {
						CreatedOnToolsVersion = 6.1.1;
						TestTargetID = B4B3D3351AEB5B8400FDECE5;
					};
				};
			};
			buildConfigurationList = B4B3D3311AEB5B8400FDECE5 /* Build configuration list for PBXProject "mycoredata1" */;
			compatibilityVersion = "Xcode 3.2";
			developmentRegion = English;
			hasScannedForEncodings = 0;
			knownRegions = (
				en,
				Base,
			);
			mainGroup = B4B3D32D1AEB5B8400FDECE5;
			productRefGroup = B4B3D3371AEB5B8400FDECE5 /* Products */;
			projectDirPath = "";
			projectRoot = "";
			targets = (
				B4B3D3351AEB5B8400FDECE5 /* mycoredata1 */,
				B4B3D34E1AEB5B8400FDECE5 /* mycoredata1Tests */,
			);
		};
/* End PBXProject section */

/* Begin PBXResourcesBuildPhase section */
		B4B3D3341AEB5B8400FDECE5 /* Resources */ = {
			isa = PBXResourcesBuildPhase;
			buildActionMask = 2147483647;
			files = (
				B4B3D3451AEB5B8400FDECE5 /* Main.storyboard in Resources */,
				B4B3D34A1AEB5B8400FDECE5 /* LaunchScreen.xib in Resources */,
				B4B3D3471AEB5B8400FDECE5 /* Images.xcassets in Resources */,
			);
			runOnlyForDeploymentPostprocessing = 0;
		};
		B4B3D34D1AEB5B8400FDECE5 /* Resources */ = {
			isa = PBXResourcesBuildPhase;
			buildActionMask = 2147483647;
			files = (
			);
			runOnlyForDeploymentPostprocessing = 0;
		};
/* End PBXResourcesBuildPhase section */

/* Begin PBXSourcesBuildPhase section */
		B4B3D3321AEB5B8400FDECE5 /* Sources */ = {
			isa = PBXSourcesBuildPhase;
			buildActionMask = 2147483647;
			files = (
				B4B3D3421AEB5B8400FDECE5 /* ViewController.m in Sources */,
				B4B3D3611AEB624500FDECE5 /* Corestack.m in Sources */,
				B4B3D33F1AEB5B8400FDECE5 /* AppDelegate.m in Sources */,
				B4B3D33C1AEB5B8400FDECE5 /* main.m in Sources */,
			);
			runOnlyForDeploymentPostprocessing = 0;
		};
		B4B3D34B1AEB5B8400FDECE5 /* Sources */ = {
			isa = PBXSourcesBuildPhase;
			buildActionMask = 2147483647;
			files = (
				B4B3D3561AEB5B8400FDECE5 /* mycoredata1Tests.m in Sources */,
			);
			runOnlyForDeploymentPostprocessing = 0;
		};
/* End PBXSourcesBuildPhase section */

/* Begin PBXTargetDependency section */
		B4B3D3511AEB5B8400FDECE5 /* PBXTargetDependency */ = {
			isa = PBXTargetDependency;
			target = B4B3D3351AEB5B8400FDECE5 /* mycoredata1 */;
			targetProxy = B4B3D3501AEB5B8400FDECE5 /* PBXContainerItemProxy */;
		};
/* End PBXTargetDependency section */

/* Begin PBXVariantGroup section */
		B4B3D3431AEB5B8400FDECE5 /* Main.storyboard */ = {
			isa = PBXVariantGroup;
			children = (
				B4B3D3441AEB5B8400FDECE5 /* Base */,
			);
			name = Main.storyboard;
			sourceTree = "<group>";
		};
		B4B3D3481AEB5B8400FDECE5 /* LaunchScreen.xib */ = {
			isa = PBXVariantGroup;
			children = (
				B4B3D3491AEB5B8400FDECE5 /* Base */,
			);
			name = LaunchScreen.xib;
			sourceTree = "<group>";
		};
/* End PBXVariantGroup section */

/* Begin XCBuildConfiguration section */
		B4B3D3571AEB5B8400FDECE5 /* Debug */ = {
			isa = XCBuildConfiguration;
			buildSettings = {
				ALWAYS_SEARCH_USER_PATHS = NO;
				CLANG_CXX_LANGUAGE_STANDARD = "gnu++0x";
				CLANG_CXX_LIBRARY = "libc++";
				CLANG_ENABLE_MODULES = YES;
				CLANG_ENABLE_OBJC_ARC = YES;
				CLANG_WARN_BOOL_CONVERSION = YES;
				CLANG_WARN_CONSTANT_CONVERSION = YES;
				CLANG_WARN_DIRECT_OBJC_ISA_USAGE = YES_ERROR;
				CLANG_WARN_EMPTY_BODY = YES;
				CLANG_WARN_ENUM_CONVERSION = YES;
				CLANG_WARN_INT_CONVERSION = YES;
				CLANG_WARN_OBJC_ROOT_CLASS = YES_ERROR;
				CLANG_WARN_UNREACHABLE_CODE = YES;
				CLANG_WARN__DUPLICATE_METHOD_MATCH = YES;
				"CODE_SIGN_IDENTITY[sdk=iphoneos*]" = "iPhone Developer";
				COPY_PHASE_STRIP = NO;
				ENABLE_STRICT_OBJC_MSGSEND = YES;
				GCC_C_LANGUAGE_STANDARD = gnu99;
				GCC_DYNAMIC_NO_PIC = NO;
				GCC_OPTIMIZATION_LEVEL = 0;
				GCC_PREPROCESSOR_DEFINITIONS = (
					"DEBUG=1",
					"$(inherited)",
				);
				GCC_SYMBOLS_PRIVATE_EXTERN = NO;
				GCC_WARN_64_TO_32_BIT_CONVERSION = YES;
				GCC_WARN_ABOUT_RETURN_TYPE = YES_ERROR;
				GCC_WARN_UNDECLARED_SELECTOR = YES;
				GCC_WARN_UNINITIALIZED_AUTOS = YES_AGGRESSIVE;
				GCC_WARN_UNUSED_FUNCTION = YES;
				GCC_WARN_UNUSED_VARIABLE = YES;
				IPHONEOS_DEPLOYMENT_TARGET = 8.1;
				MTL_ENABLE_DEBUG_INFO = YES;
				ONLY_ACTIVE_ARCH = YES;
				SDKROOT = iphoneos;
			};
			name = Debug;
		};
		B4B3D3581AEB5B8400FDECE5 /* Release */ = {
			isa = XCBuildConfiguration;
			buildSettings = {
				ALWAYS_SEARCH_USER_PATHS = NO;
				CLANG_CXX_LANGUAGE_STANDARD = "gnu++0x";
				CLANG_CXX_LIBRARY = "libc++";
				CLANG_ENABLE_MODULES = YES;
				CLANG_ENABLE_OBJC_ARC = YES;
				CLANG_WARN_BOOL_CONVERSION = YES;
				CLANG_WARN_CONSTANT_CONVERSION = YES;
				CLANG_WARN_DIRECT_OBJC_ISA_USAGE = YES_ERROR;
				CLANG_WARN_EMPTY_BODY = YES;
				CLANG_WARN_ENUM_CONVERSION = YES;
				CLANG_WARN_INT_CONVERSION = YES;
				CLANG_WARN_OBJC_ROOT_CLASS = YES_ERROR;
				CLANG_WARN_UNREACHABLE_CODE = YES;
				CLANG_WARN__DUPLICATE_METHOD_MATCH = YES;
				"CODE_SIGN_IDENTITY[sdk=iphoneos*]" = "iPhone Developer";
				COPY_PHASE_STRIP = YES;
				ENABLE_NS_ASSERTIONS = NO;
				ENABLE_STRICT_OBJC_MSGSEND = YES;
				GCC_C_LANGUAGE_STANDARD = gnu99;
				GCC_WARN_64_TO_32_BIT_CONVERSION = YES;
				GCC_WARN_ABOUT_RETURN_TYPE = YES_ERROR;
				GCC_WARN_UNDECLARED_SELECTOR = YES;
				GCC_WARN_UNINITIALIZED_AUTOS = YES_AGGRESSIVE;
				GCC_WARN_UNUSED_FUNCTION = YES;
				GCC_WARN_UNUSED_VARIABLE = YES;
				IPHONEOS_DEPLOYMENT_TARGET = 8.1;
				MTL_ENABLE_DEBUG_INFO = NO;
				SDKROOT = iphoneos;
				VALIDATE_PRODUCT = YES;
			};
			name = Release;
		};
		B4B3D35A1AEB5B8400FDECE5 /* Debug */ = {
			isa = XCBuildConfiguration;
			buildSettings = {
				ASSETCATALOG_COMPILER_APPICON_NAME = AppIcon;
				INFOPLIST_FILE = mycoredata1/Info.plist;
				LD_RUNPATH_SEARCH_PATHS = "$(inherited) @executable_path/Frameworks";
				PRODUCT_NAME = "$(TARGET_NAME)";
			};
			name = Debug;
		};
		B4B3D35B1AEB5B8400FDECE5 /* Release */ = {
			isa = XCBuildConfiguration;
			buildSettings = {
				ASSETCATALOG_COMPILER_APPICON_NAME = AppIcon;
				INFOPLIST_FILE = mycoredata1/Info.plist;
				LD_RUNPATH_SEARCH_PATHS = "$(inherited) @executable_path/Frameworks";
				PRODUCT_NAME = "$(TARGET_NAME)";
			};
			name = Release;
		};
		B4B3D35D1AEB5B8400FDECE5 /* Debug */ = {
			isa = XCBuildConfiguration;
			buildSettings = {
				BUNDLE_LOADER = "$(TEST_HOST)";
				FRAMEWORK_SEARCH_PATHS = (
					"$(SDKROOT)/Developer/Library/Frameworks",
					"$(inherited)",
				);
				GCC_PREPROCESSOR_DEFINITIONS = (
					"DEBUG=1",
					"$(inherited)",
				);
				INFOPLIST_FILE = mycoredata1Tests/Info.plist;
				LD_RUNPATH_SEARCH_PATHS = "$(inherited) @executable_path/Frameworks @loader_path/Frameworks";
				PRODUCT_NAME = "$(TARGET_NAME)";
				TEST_HOST = "$(BUILT_PRODUCTS_DIR)/mycoredata1.app/mycoredata1";
			};
			name = Debug;
		};
		B4B3D35E1AEB5B8400FDECE5 /* Release */ = {
			isa = XCBuildConfiguration;
			buildSettings = {
				BUNDLE_LOADER = "$(TEST_HOST)";
				FRAMEWORK_SEARCH_PATHS = (
					"$(SDKROOT)/Developer/Library/Frameworks",
					"$(inherited)",
				);
				INFOPLIST_FILE = mycoredata1Tests/Info.plist;
				LD_RUNPATH_SEARCH_PATHS = "$(inherited) @executable_path/Frameworks @loader_path/Frameworks";
				PRODUCT_NAME = "$(TARGET_NAME)";
				TEST_HOST = "$(BUILT_PRODUCTS_DIR)/mycoredata1.app/mycoredata1";
			};
			name = Release;
		};
/* End XCBuildConfiguration section */

/* Begin XCConfigurationList section */
		B4B3D3311AEB5B8400FDECE5 /* Build configuration list for PBXProject "mycoredata1" */ = {
			isa = XCConfigurationList;
			buildConfigurations = (
				B4B3D3571AEB5B8400FDECE5 /* Debug */,
				B4B3D3581AEB5B8400FDECE5 /* Release */,
			);
			defaultConfigurationIsVisible = 0;
			defaultConfigurationName = Release;
		};
		B4B3D3591AEB5B8400FDECE5 /* Build configuration list for PBXNativeTarget "mycoredata1" */ = {
			isa = XCConfigurationList;
			buildConfigurations = (
				B4B3D35A1AEB5B8400FDECE5 /* Debug */,
				B4B3D35B1AEB5B8400FDECE5 /* Release */,
			);
			defaultConfigurationIsVisible = 0;
		};
		B4B3D35C1AEB5B8400FDECE5 /* Build configuration list for PBXNativeTarget "mycoredata1Tests" */ = {
			isa = XCConfigurationList;
			buildConfigurations = (
				B4B3D35D1AEB5B8400FDECE5 /* Debug */,
				B4B3D35E1AEB5B8400FDECE5 /* Release */,
			);
			defaultConfigurationIsVisible = 0;
		};
/* End XCConfigurationList section */
	};
	rootObject = B4B3D32E1AEB5B8400FDECE5 /* Project object */;
}
