// !$*UTF8*$!
{
	archiveVersion = 1;
	classes = {
	};
	objectVersion = 46;
	objects = {

/* Begin PBXBuildFile section */
		B3DA4D2919F6D05B00604781 /* Foundation.framework in Frameworks */ = {isa = PBXBuildFile; fileRef = B3DA4D2819F6D05B00604781 /* Foundation.framework */; };
		B3DA4D2B19F6D05B00604781 /* CoreGraphics.framework in Frameworks */ = {isa = PBXBuildFile; fileRef = B3DA4D2A19F6D05B00604781 /* CoreGraphics.framework */; };
		B3DA4D2D19F6D05B00604781 /* UIKit.framework in Frameworks */ = {isa = PBXBuildFile; fileRef = B3DA4D2C19F6D05B00604781 /* UIKit.framework */; };
		B3DA4D3319F6D05B00604781 /* InfoPlist.strings in Resources */ = {isa = PBXBuildFile; fileRef = B3DA4D3119F6D05B00604781 /* InfoPlist.strings */; };
		B3DA4D3519F6D05B00604781 /* main.m in Sources */ = {isa = PBXBuildFile; fileRef = B3DA4D3419F6D05B00604781 /* main.m */; };
		B3DA4D3919F6D05B00604781 /* FTAppDelegate.m in Sources */ = {isa = PBXBuildFile; fileRef = B3DA4D3819F6D05B00604781 /* FTAppDelegate.m */; };
		B3DA4D3C19F6D05B00604781 /* Main.storyboard in Resources */ = {isa = PBXBuildFile; fileRef = B3DA4D3A19F6D05B00604781 /* Main.storyboard */; };
		B3DA4D3F19F6D05B00604781 /* FTViewController.m in Sources */ = {isa = PBXBuildFile; fileRef = B3DA4D3E19F6D05B00604781 /* FTViewController.m */; };
		B3DA4D4119F6D05B00604781 /* Images.xcassets in Resources */ = {isa = PBXBuildFile; fileRef = B3DA4D4019F6D05B00604781 /* Images.xcassets */; };
		B3DA4D4819F6D05B00604781 /* XCTest.framework in Frameworks */ = {isa = PBXBuildFile; fileRef = B3DA4D4719F6D05B00604781 /* XCTest.framework */; };
		B3DA4D4919F6D05B00604781 /* Foundation.framework in Frameworks */ = {isa = PBXBuildFile; fileRef = B3DA4D2819F6D05B00604781 /* Foundation.framework */; };
		B3DA4D4A19F6D05B00604781 /* UIKit.framework in Frameworks */ = {isa = PBXBuildFile; fileRef = B3DA4D2C19F6D05B00604781 /* UIKit.framework */; };
		B3DA4D5219F6D05B00604781 /* InfoPlist.strings in Resources */ = {isa = PBXBuildFile; fileRef = B3DA4D5019F6D05B00604781 /* InfoPlist.strings */; };
		B3DA4D5419F6D05B00604781 /* FTBlackJAckTests.m in Sources */ = {isa = PBXBuildFile; fileRef = B3DA4D5319F6D05B00604781 /* FTBlackJAckTests.m */; };
/* End PBXBuildFile section */

/* Begin PBXContainerItemProxy section */
		B3DA4D4B19F6D05B00604781 /* PBXContainerItemProxy */ = {
			isa = PBXContainerItemProxy;
			containerPortal = B3DA4D1D19F6D05B00604781 /* Project object */;
			proxyType = 1;
			remoteGlobalIDString = B3DA4D2419F6D05B00604781;
			remoteInfo = FTBlackJAck;
		};
/* End PBXContainerItemProxy section */

/* Begin PBXFileReference section */
		B3DA4D2519F6D05B00604781 /* FTBlackJAck.app */ = {isa = PBXFileReference; explicitFileType = wrapper.application; includeInIndex = 0; path = FTBlackJAck.app; sourceTree = BUILT_PRODUCTS_DIR; };
		B3DA4D2819F6D05B00604781 /* Foundation.framework */ = {isa = PBXFileReference; lastKnownFileType = wrapper.framework; name = Foundation.framework; path = System/Library/Frameworks/Foundation.framework; sourceTree = SDKROOT; };
		B3DA4D2A19F6D05B00604781 /* CoreGraphics.framework */ = {isa = PBXFileReference; lastKnownFileType = wrapper.framework; name = CoreGraphics.framework; path = System/Library/Frameworks/CoreGraphics.framework; sourceTree = SDKROOT; };
		B3DA4D2C19F6D05B00604781 /* UIKit.framework */ = {isa = PBXFileReference; lastKnownFileType = wrapper.framework; name = UIKit.framework; path = System/Library/Frameworks/UIKit.framework; sourceTree = SDKROOT; };
		B3DA4D3019F6D05B00604781 /* FTBlackJAck-Info.plist */ = {isa = PBXFileReference; lastKnownFileType = text.plist.xml; path = "FTBlackJAck-Info.plist"; sourceTree = "<group>"; };
		B3DA4D3219F6D05B00604781 /* en */ = {isa = PBXFileReference; lastKnownFileType = text.plist.strings; name = en; path = en.lproj/InfoPlist.strings; sourceTree = "<group>"; };
		B3DA4D3419F6D05B00604781 /* main.m */ = {isa = PBXFileReference; lastKnownFileType = sourcecode.c.objc; path = main.m; sourceTree = "<group>"; };
		B3DA4D3619F6D05B00604781 /* FTBlackJAck-Prefix.pch */ = {isa = PBXFileReference; lastKnownFileType = sourcecode.c.h; path = "FTBlackJAck-Prefix.pch"; sourceTree = "<group>"; };
		B3DA4D3719F6D05B00604781 /* FTAppDelegate.h */ = {isa = PBXFileReference; lastKnownFileType = sourcecode.c.h; path = FTAppDelegate.h; sourceTree = "<group>"; };
		B3DA4D3819F6D05B00604781 /* FTAppDelegate.m */ = {isa = PBXFileReference; lastKnownFileType = sourcecode.c.objc; path = FTAppDelegate.m; sourceTree = "<group>"; };
		B3DA4D3B19F6D05B00604781 /* Base */ = {isa = PBXFileReference; lastKnownFileType = file.storyboard; name = Base; path = Base.lproj/Main.storyboard; sourceTree = "<group>"; };
		B3DA4D3D19F6D05B00604781 /* FTViewController.h */ = {isa = PBXFileReference; lastKnownFileType = sourcecode.c.h; path = FTViewController.h; sourceTree = "<group>"; };
		B3DA4D3E19F6D05B00604781 /* FTViewController.m */ = {isa = PBXFileReference; lastKnownFileType = sourcecode.c.objc; path = FTViewController.m; sourceTree = "<group>"; };
		B3DA4D4019F6D05B00604781 /* Images.xcassets */ = {isa = PBXFileReference; lastKnownFileType = folder.assetcatalog; path = Images.xcassets; sourceTree = "<group>"; };
		B3DA4D4619F6D05B00604781 /* FTBlackJAckTests.xctest */ = {isa = PBXFileReference; explicitFileType = wrapper.cfbundle; includeInIndex = 0; path = FTBlackJAckTests.xctest; sourceTree = BUILT_PRODUCTS_DIR; };
		B3DA4D4719F6D05B00604781 /* XCTest.framework */ = {isa = PBXFileReference; lastKnownFileType = wrapper.framework; name = XCTest.framework; path = Library/Frameworks/XCTest.framework; sourceTree = DEVELOPER_DIR; };
		B3DA4D4F19F6D05B00604781 /* FTBlackJAckTests-Info.plist */ = {isa = PBXFileReference; lastKnownFileType = text.plist.xml; path = "FTBlackJAckTests-Info.plist"; sourceTree = "<group>"; };
		B3DA4D5119F6D05B00604781 /* en */ = {isa = PBXFileReference; lastKnownFileType = text.plist.strings; name = en; path = en.lproj/InfoPlist.strings; sourceTree = "<group>"; };
		B3DA4D5319F6D05B00604781 /* FTBlackJAckTests.m */ = {isa = PBXFileReference; lastKnownFileType = sourcecode.c.objc; path = FTBlackJAckTests.m; sourceTree = "<group>"; };
/* End PBXFileReference section */

/* Begin PBXFrameworksBuildPhase section */
		B3DA4D2219F6D05B00604781 /* Frameworks */ = {
			isa = PBXFrameworksBuildPhase;
			buildActionMask = 2147483647;
			files = (
				B3DA4D2B19F6D05B00604781 /* CoreGraphics.framework in Frameworks */,
				B3DA4D2D19F6D05B00604781 /* UIKit.framework in Frameworks */,
				B3DA4D2919F6D05B00604781 /* Foundation.framework in Frameworks */,
			);
			runOnlyForDeploymentPostprocessing = 0;
		};
		B3DA4D4319F6D05B00604781 /* Frameworks */ = {
			isa = PBXFrameworksBuildPhase;
			buildActionMask = 2147483647;
			files = (
				B3DA4D4819F6D05B00604781 /* XCTest.framework in Frameworks */,
				B3DA4D4A19F6D05B00604781 /* UIKit.framework in Frameworks */,
				B3DA4D4919F6D05B00604781 /* Foundation.framework in Frameworks */,
			);
			runOnlyForDeploymentPostprocessing = 0;
		};
/* End PBXFrameworksBuildPhase section */

/* Begin PBXGroup section */
		B3DA4D1C19F6D05B00604781 = {
			isa = PBXGroup;
			children = (
				B3DA4D2E19F6D05B00604781 /* FTBlackJAck */,
				B3DA4D4D19F6D05B00604781 /* FTBlackJAckTests */,
				B3DA4D2719F6D05B00604781 /* Frameworks */,
				B3DA4D2619F6D05B00604781 /* Products */,
			);
			sourceTree = "<group>";
		};
		B3DA4D2619F6D05B00604781 /* Products */ = {
			isa = PBXGroup;
			children = (
				B3DA4D2519F6D05B00604781 /* FTBlackJAck.app */,
				B3DA4D4619F6D05B00604781 /* FTBlackJAckTests.xctest */,
			);
			name = Products;
			sourceTree = "<group>";
		};
		B3DA4D2719F6D05B00604781 /* Frameworks */ = {
			isa = PBXGroup;
			children = (
				B3DA4D2819F6D05B00604781 /* Foundation.framework */,
				B3DA4D2A19F6D05B00604781 /* CoreGraphics.framework */,
				B3DA4D2C19F6D05B00604781 /* UIKit.framework */,
				B3DA4D4719F6D05B00604781 /* XCTest.framework */,
			);
			name = Frameworks;
			sourceTree = "<group>";
		};
		B3DA4D2E19F6D05B00604781 /* FTBlackJAck */ = {
			isa = PBXGroup;
			children = (
				B3DA4D3719F6D05B00604781 /* FTAppDelegate.h */,
				B3DA4D3819F6D05B00604781 /* FTAppDelegate.m */,
				B3DA4D3A19F6D05B00604781 /* Main.storyboard */,
				B3DA4D3D19F6D05B00604781 /* FTViewController.h */,
				B3DA4D3E19F6D05B00604781 /* FTViewController.m */,
				B3DA4D4019F6D05B00604781 /* Images.xcassets */,
				B3DA4D2F19F6D05B00604781 /* Supporting Files */,
			);
			path = FTBlackJAck;
			sourceTree = "<group>";
		};
		B3DA4D2F19F6D05B00604781 /* Supporting Files */ = {
			isa = PBXGroup;
			children = (
				B3DA4D3019F6D05B00604781 /* FTBlackJAck-Info.plist */,
				B3DA4D3119F6D05B00604781 /* InfoPlist.strings */,
				B3DA4D3419F6D05B00604781 /* main.m */,
				B3DA4D3619F6D05B00604781 /* FTBlackJAck-Prefix.pch */,
			);
			name = "Supporting Files";
			sourceTree = "<group>";
		};
		B3DA4D4D19F6D05B00604781 /* FTBlackJAckTests */ = {
			isa = PBXGroup;
			children = (
				B3DA4D5319F6D05B00604781 /* FTBlackJAckTests.m */,
				B3DA4D4E19F6D05B00604781 /* Supporting Files */,
			);
			path = FTBlackJAckTests;
			sourceTree = "<group>";
		};
		B3DA4D4E19F6D05B00604781 /* Supporting Files */ = {
			isa = PBXGroup;
			children = (
				B3DA4D4F19F6D05B00604781 /* FTBlackJAckTests-Info.plist */,
				B3DA4D5019F6D05B00604781 /* InfoPlist.strings */,
			);
			name = "Supporting Files";
			sourceTree = "<group>";
		};
/* End PBXGroup section */

/* Begin PBXNativeTarget section */
		B3DA4D2419F6D05B00604781 /* FTBlackJAck */ = {
			isa = PBXNativeTarget;
			buildConfigurationList = B3DA4D5719F6D05B00604781 /* Build configuration list for PBXNativeTarget "FTBlackJAck" */;
			buildPhases = (
				B3DA4D2119F6D05B00604781 /* Sources */,
				B3DA4D2219F6D05B00604781 /* Frameworks */,
				B3DA4D2319F6D05B00604781 /* Resources */,
			);
			buildRules = (
			);
			dependencies = (
			);
			name = FTBlackJAck;
			productName = FTBlackJAck;
			productReference = B3DA4D2519F6D05B00604781 /* FTBlackJAck.app */;
			productType = "com.apple.product-type.application";
		};
		B3DA4D4519F6D05B00604781 /* FTBlackJAckTests */ = {
			isa = PBXNativeTarget;
			buildConfigurationList = B3DA4D5A19F6D05B00604781 /* Build configuration list for PBXNativeTarget "FTBlackJAckTests" */;
			buildPhases = (
				B3DA4D4219F6D05B00604781 /* Sources */,
				B3DA4D4319F6D05B00604781 /* Frameworks */,
				B3DA4D4419F6D05B00604781 /* Resources */,
			);
			buildRules = (
			);
			dependencies = (
				B3DA4D4C19F6D05B00604781 /* PBXTargetDependency */,
			);
			name = FTBlackJAckTests;
			productName = FTBlackJAckTests;
			productReference = B3DA4D4619F6D05B00604781 /* FTBlackJAckTests.xctest */;
			productType = "com.apple.product-type.bundle.unit-test";
		};
/* End PBXNativeTarget section */

/* Begin PBXProject section */
		B3DA4D1D19F6D05B00604781 /* Project object */ = {
			isa = PBXProject;
			attributes = {
				CLASSPREFIX = FT;
				LastUpgradeCheck = 0510;
				ORGANIZATIONNAME = "___FULLUSERNAME___";
				TargetAttributes = {
					B3DA4D4519F6D05B00604781 = {
						TestTargetID = B3DA4D2419F6D05B00604781;
					};
				};
			};
			buildConfigurationList = B3DA4D2019F6D05B00604781 /* Build configuration list for PBXProject "FTBlackJAck" */;
			compatibilityVersion = "Xcode 3.2";
			developmentRegion = English;
			hasScannedForEncodings = 0;
			knownRegions = (
				en,
				Base,
			);
			mainGroup = B3DA4D1C19F6D05B00604781;
			productRefGroup = B3DA4D2619F6D05B00604781 /* Products */;
			projectDirPath = "";
			projectRoot = "";
			targets = (
				B3DA4D2419F6D05B00604781 /* FTBlackJAck */,
				B3DA4D4519F6D05B00604781 /* FTBlackJAckTests */,
			);
		};
/* End PBXProject section */

/* Begin PBXResourcesBuildPhase section */
		B3DA4D2319F6D05B00604781 /* Resources */ = {
			isa = PBXResourcesBuildPhase;
			buildActionMask = 2147483647;
			files = (
				B3DA4D4119F6D05B00604781 /* Images.xcassets in Resources */,
				B3DA4D3319F6D05B00604781 /* InfoPlist.strings in Resources */,
				B3DA4D3C19F6D05B00604781 /* Main.storyboard in Resources */,
			);
			runOnlyForDeploymentPostprocessing = 0;
		};
		B3DA4D4419F6D05B00604781 /* Resources */ = {
			isa = PBXResourcesBuildPhase;
			buildActionMask = 2147483647;
			files = (
				B3DA4D5219F6D05B00604781 /* InfoPlist.strings in Resources */,
			);
			runOnlyForDeploymentPostprocessing = 0;
		};
/* End PBXResourcesBuildPhase section */

/* Begin PBXSourcesBuildPhase section */
		B3DA4D2119F6D05B00604781 /* Sources */ = {
			isa = PBXSourcesBuildPhase;
			buildActionMask = 2147483647;
			files = (
				B3DA4D3919F6D05B00604781 /* FTAppDelegate.m in Sources */,
				B3DA4D3519F6D05B00604781 /* main.m in Sources */,
				B3DA4D3F19F6D05B00604781 /* FTViewController.m in Sources */,
			);
			runOnlyForDeploymentPostprocessing = 0;
		};
		B3DA4D4219F6D05B00604781 /* Sources */ = {
			isa = PBXSourcesBuildPhase;
			buildActionMask = 2147483647;
			files = (
				B3DA4D5419F6D05B00604781 /* FTBlackJAckTests.m in Sources */,
			);
			runOnlyForDeploymentPostprocessing = 0;
		};
/* End PBXSourcesBuildPhase section */

/* Begin PBXTargetDependency section */
		B3DA4D4C19F6D05B00604781 /* PBXTargetDependency */ = {
			isa = PBXTargetDependency;
			target = B3DA4D2419F6D05B00604781 /* FTBlackJAck */;
			targetProxy = B3DA4D4B19F6D05B00604781 /* PBXContainerItemProxy */;
		};
/* End PBXTargetDependency section */

/* Begin PBXVariantGroup section */
		B3DA4D3119F6D05B00604781 /* InfoPlist.strings */ = {
			isa = PBXVariantGroup;
			children = (
				B3DA4D3219F6D05B00604781 /* en */,
			);
			name = InfoPlist.strings;
			sourceTree = "<group>";
		};
		B3DA4D3A19F6D05B00604781 /* Main.storyboard */ = {
			isa = PBXVariantGroup;
			children = (
				B3DA4D3B19F6D05B00604781 /* Base */,
			);
			name = Main.storyboard;
			sourceTree = "<group>";
		};
		B3DA4D5019F6D05B00604781 /* InfoPlist.strings */ = {
			isa = PBXVariantGroup;
			children = (
				B3DA4D5119F6D05B00604781 /* en */,
			);
			name = InfoPlist.strings;
			sourceTree = "<group>";
		};
/* End PBXVariantGroup section */

/* Begin XCBuildConfiguration section */
		B3DA4D5519F6D05B00604781 /* Debug */ = {
			isa = XCBuildConfiguration;
			buildSettings = {
				ALWAYS_SEARCH_USER_PATHS = NO;
				CLANG_CXX_LANGUAGE_STANDARD = "gnu++0x";
				CLANG_CXX_LIBRARY = "libc++";
				CLANG_ENABLE_MODULES = YES;
				CLANG_ENABLE_OBJC_ARC = YES;
				CLANG_WARN_BOOL_CONVERSION = YES;
				CLANG_WARN_CONSTANT_CONVERSION = YES;
				CLANG_WARN_DIRECT_OBJC_ISA_USAGE = YES_ERROR;
				CLANG_WARN_EMPTY_BODY = YES;
				CLANG_WARN_ENUM_CONVERSION = YES;
				CLANG_WARN_INT_CONVERSION = YES;
				CLANG_WARN_OBJC_ROOT_CLASS = YES_ERROR;
				CLANG_WARN__DUPLICATE_METHOD_MATCH = YES;
				"CODE_SIGN_IDENTITY[sdk=iphoneos*]" = "iPhone Developer";
				COPY_PHASE_STRIP = NO;
				GCC_C_LANGUAGE_STANDARD = gnu99;
				GCC_DYNAMIC_NO_PIC = NO;
				GCC_OPTIMIZATION_LEVEL = 0;
				GCC_PREPROCESSOR_DEFINITIONS = (
					"DEBUG=1",
					"$(inherited)",
				);
				GCC_SYMBOLS_PRIVATE_EXTERN = NO;
				GCC_WARN_64_TO_32_BIT_CONVERSION = YES;
				GCC_WARN_ABOUT_RETURN_TYPE = YES_ERROR;
				GCC_WARN_UNDECLARED_SELECTOR = YES;
				GCC_WARN_UNINITIALIZED_AUTOS = YES_AGGRESSIVE;
				GCC_WARN_UNUSED_FUNCTION = YES;
				GCC_WARN_UNUSED_VARIABLE = YES;
				IPHONEOS_DEPLOYMENT_TARGET = 7.1;
				ONLY_ACTIVE_ARCH = YES;
				SDKROOT = iphoneos;
			};
			name = Debug;
		};
		B3DA4D5619F6D05B00604781 /* Release */ = {
			isa = XCBuildConfiguration;
			buildSettings = {
				ALWAYS_SEARCH_USER_PATHS = NO;
				CLANG_CXX_LANGUAGE_STANDARD = "gnu++0x";
				CLANG_CXX_LIBRARY = "libc++";
				CLANG_ENABLE_MODULES = YES;
				CLANG_ENABLE_OBJC_ARC = YES;
				CLANG_WARN_BOOL_CONVERSION = YES;
				CLANG_WARN_CONSTANT_CONVERSION = YES;
				CLANG_WARN_DIRECT_OBJC_ISA_USAGE = YES_ERROR;
				CLANG_WARN_EMPTY_BODY = YES;
				CLANG_WARN_ENUM_CONVERSION = YES;
				CLANG_WARN_INT_CONVERSION = YES;
				CLANG_WARN_OBJC_ROOT_CLASS = YES_ERROR;
				CLANG_WARN__DUPLICATE_METHOD_MATCH = YES;
				"CODE_SIGN_IDENTITY[sdk=iphoneos*]" = "iPhone Developer";
				COPY_PHASE_STRIP = YES;
				ENABLE_NS_ASSERTIONS = NO;
				GCC_C_LANGUAGE_STANDARD = gnu99;
				GCC_WARN_64_TO_32_BIT_CONVERSION = YES;
				GCC_WARN_ABOUT_RETURN_TYPE = YES_ERROR;
				GCC_WARN_UNDECLARED_SELECTOR = YES;
				GCC_WARN_UNINITIALIZED_AUTOS = YES_AGGRESSIVE;
				GCC_WARN_UNUSED_FUNCTION = YES;
				GCC_WARN_UNUSED_VARIABLE = YES;
				IPHONEOS_DEPLOYMENT_TARGET = 7.1;
				SDKROOT = iphoneos;
				VALIDATE_PRODUCT = YES;
			};
			name = Release;
		};
		B3DA4D5819F6D05B00604781 /* Debug */ = {
			isa = XCBuildConfiguration;
			buildSettings = {
				ASSETCATALOG_COMPILER_APPICON_NAME = AppIcon;
				ASSETCATALOG_COMPILER_LAUNCHIMAGE_NAME = LaunchImage;
				GCC_PRECOMPILE_PREFIX_HEADER = YES;
				GCC_PREFIX_HEADER = "FTBlackJAck/FTBlackJAck-Prefix.pch";
				INFOPLIST_FILE = "FTBlackJAck/FTBlackJAck-Info.plist";
				PRODUCT_NAME = "$(TARGET_NAME)";
				WRAPPER_EXTENSION = app;
			};
			name = Debug;
		};
		B3DA4D5919F6D05B00604781 /* Release */ = {
			isa = XCBuildConfiguration;
			buildSettings = {
				ASSETCATALOG_COMPILER_APPICON_NAME = AppIcon;
				ASSETCATALOG_COMPILER_LAUNCHIMAGE_NAME = LaunchImage;
				GCC_PRECOMPILE_PREFIX_HEADER = YES;
				GCC_PREFIX_HEADER = "FTBlackJAck/FTBlackJAck-Prefix.pch";
				INFOPLIST_FILE = "FTBlackJAck/FTBlackJAck-Info.plist";
				PRODUCT_NAME = "$(TARGET_NAME)";
				WRAPPER_EXTENSION = app;
			};
			name = Release;
		};
		B3DA4D5B19F6D05B00604781 /* Debug */ = {
			isa = XCBuildConfiguration;
			buildSettings = {
				BUNDLE_LOADER = "$(BUILT_PRODUCTS_DIR)/FTBlackJAck.app/FTBlackJAck";
				FRAMEWORK_SEARCH_PATHS = (
					"$(SDKROOT)/Developer/Library/Frameworks",
					"$(inherited)",
					"$(DEVELOPER_FRAMEWORKS_DIR)",
				);
				GCC_PRECOMPILE_PREFIX_HEADER = YES;
				GCC_PREFIX_HEADER = "FTBlackJAck/FTBlackJAck-Prefix.pch";
				GCC_PREPROCESSOR_DEFINITIONS = (
					"DEBUG=1",
					"$(inherited)",
				);
				INFOPLIST_FILE = "FTBlackJAckTests/FTBlackJAckTests-Info.plist";
				PRODUCT_NAME = "$(TARGET_NAME)";
				TEST_HOST = "$(BUNDLE_LOADER)";
				WRAPPER_EXTENSION = xctest;
			};
			name = Debug;
		};
		B3DA4D5C19F6D05B00604781 /* Release */ = {
			isa = XCBuildConfiguration;
			buildSettings = {
				BUNDLE_LOADER = "$(BUILT_PRODUCTS_DIR)/FTBlackJAck.app/FTBlackJAck";
				FRAMEWORK_SEARCH_PATHS = (
					"$(SDKROOT)/Developer/Library/Frameworks",
					"$(inherited)",
					"$(DEVELOPER_FRAMEWORKS_DIR)",
				);
				GCC_PRECOMPILE_PREFIX_HEADER = YES;
				GCC_PREFIX_HEADER = "FTBlackJAck/FTBlackJAck-Prefix.pch";
				INFOPLIST_FILE = "FTBlackJAckTests/FTBlackJAckTests-Info.plist";
				PRODUCT_NAME = "$(TARGET_NAME)";
				TEST_HOST = "$(BUNDLE_LOADER)";
				WRAPPER_EXTENSION = xctest;
			};
			name = Release;
		};
/* End XCBuildConfiguration section */

/* Begin XCConfigurationList section */
		B3DA4D2019F6D05B00604781 /* Build configuration list for PBXProject "FTBlackJAck" */ = {
			isa = XCConfigurationList;
			buildConfigurations = (
				B3DA4D5519F6D05B00604781 /* Debug */,
				B3DA4D5619F6D05B00604781 /* Release */,
			);
			defaultConfigurationIsVisible = 0;
			defaultConfigurationName = Release;
		};
		B3DA4D5719F6D05B00604781 /* Build configuration list for PBXNativeTarget "FTBlackJAck" */ = {
			isa = XCConfigurationList;
			buildConfigurations = (
				B3DA4D5819F6D05B00604781 /* Debug */,
				B3DA4D5919F6D05B00604781 /* Release */,
			);
			defaultConfigurationIsVisible = 0;
		};
		B3DA4D5A19F6D05B00604781 /* Build configuration list for PBXNativeTarget "FTBlackJAckTests" */ = {
			isa = XCConfigurationList;
			buildConfigurations = (
				B3DA4D5B19F6D05B00604781 /* Debug */,
				B3DA4D5C19F6D05B00604781 /* Release */,
			);
			defaultConfigurationIsVisible = 0;
		};
/* End XCConfigurationList section */
	};
	rootObject = B3DA4D1D19F6D05B00604781 /* Project object */;
}
