// !$*UTF8*$!
{
	archiveVersion = 1;
	classes = {
	};
	objectVersion = 46;
	objects = {

/* Begin PBXBuildFile section */
		B4CDEC231B1EDAA200D225C7 /* main.m in Sources */ = {isa = PBXBuildFile; fileRef = B4CDEC221B1EDAA200D225C7 /* main.m */; };
		B4CDEC261B1EDAA200D225C7 /* AppDelegate.m in Sources */ = {isa = PBXBuildFile; fileRef = B4CDEC251B1EDAA200D225C7 /* AppDelegate.m */; };
		B4CDEC291B1EDAA200D225C7 /* tableviewBasic.xcdatamodeld in Sources */ = {isa = PBXBuildFile; fileRef = B4CDEC271B1EDAA200D225C7 /* tableviewBasic.xcdatamodeld */; };
		B4CDEC2C1B1EDAA200D225C7 /* ViewController.m in Sources */ = {isa = PBXBuildFile; fileRef = B4CDEC2B1B1EDAA200D225C7 /* ViewController.m */; };
		B4CDEC2F1B1EDAA200D225C7 /* Main.storyboard in Resources */ = {isa = PBXBuildFile; fileRef = B4CDEC2D1B1EDAA200D225C7 /* Main.storyboard */; };
		B4CDEC311B1EDAA200D225C7 /* Images.xcassets in Resources */ = {isa = PBXBuildFile; fileRef = B4CDEC301B1EDAA200D225C7 /* Images.xcassets */; };
		B4CDEC341B1EDAA200D225C7 /* LaunchScreen.xib in Resources */ = {isa = PBXBuildFile; fileRef = B4CDEC321B1EDAA200D225C7 /* LaunchScreen.xib */; };
		B4CDEC401B1EDAA200D225C7 /* tableviewBasicTests.m in Sources */ = {isa = PBXBuildFile; fileRef = B4CDEC3F1B1EDAA200D225C7 /* tableviewBasicTests.m */; };
		B4CDECF11B1EF14600D225C7 /* creativeCell.m in Sources */ = {isa = PBXBuildFile; fileRef = B4CDECF01B1EF14600D225C7 /* creativeCell.m */; };
/* End PBXBuildFile section */

/* Begin PBXContainerItemProxy section */
		B4CDEC3A1B1EDAA200D225C7 /* PBXContainerItemProxy */ = {
			isa = PBXContainerItemProxy;
			containerPortal = B4CDEC151B1EDAA200D225C7 /* Project object */;
			proxyType = 1;
			remoteGlobalIDString = B4CDEC1C1B1EDAA200D225C7;
			remoteInfo = tableviewBasic;
		};
/* End PBXContainerItemProxy section */

/* Begin PBXFileReference section */
		B4CDEC1D1B1EDAA200D225C7 /* tableviewBasic.app */ = {isa = PBXFileReference; explicitFileType = wrapper.application; includeInIndex = 0; path = tableviewBasic.app; sourceTree = BUILT_PRODUCTS_DIR; };
		B4CDEC211B1EDAA200D225C7 /* Info.plist */ = {isa = PBXFileReference; lastKnownFileType = text.plist.xml; path = Info.plist; sourceTree = "<group>"; };
		B4CDEC221B1EDAA200D225C7 /* main.m */ = {isa = PBXFileReference; lastKnownFileType = sourcecode.c.objc; path = main.m; sourceTree = "<group>"; };
		B4CDEC241B1EDAA200D225C7 /* AppDelegate.h */ = {isa = PBXFileReference; lastKnownFileType = sourcecode.c.h; path = AppDelegate.h; sourceTree = "<group>"; };
		B4CDEC251B1EDAA200D225C7 /* AppDelegate.m */ = {isa = PBXFileReference; lastKnownFileType = sourcecode.c.objc; path = AppDelegate.m; sourceTree = "<group>"; };
		B4CDEC281B1EDAA200D225C7 /* tableviewBasic.xcdatamodel */ = {isa = PBXFileReference; lastKnownFileType = wrapper.xcdatamodel; path = tableviewBasic.xcdatamodel; sourceTree = "<group>"; };
		B4CDEC2A1B1EDAA200D225C7 /* ViewController.h */ = {isa = PBXFileReference; lastKnownFileType = sourcecode.c.h; path = ViewController.h; sourceTree = "<group>"; };
		B4CDEC2B1B1EDAA200D225C7 /* ViewController.m */ = {isa = PBXFileReference; lastKnownFileType = sourcecode.c.objc; path = ViewController.m; sourceTree = "<group>"; };
		B4CDEC2E1B1EDAA200D225C7 /* Base */ = {isa = PBXFileReference; lastKnownFileType = file.storyboard; name = Base; path = Base.lproj/Main.storyboard; sourceTree = "<group>"; };
		B4CDEC301B1EDAA200D225C7 /* Images.xcassets */ = {isa = PBXFileReference; lastKnownFileType = folder.assetcatalog; path = Images.xcassets; sourceTree = "<group>"; };
		B4CDEC331B1EDAA200D225C7 /* Base */ = {isa = PBXFileReference; lastKnownFileType = file.xib; name = Base; path = Base.lproj/LaunchScreen.xib; sourceTree = "<group>"; };
		B4CDEC391B1EDAA200D225C7 /* tableviewBasicTests.xctest */ = {isa = PBXFileReference; explicitFileType = wrapper.cfbundle; includeInIndex = 0; path = tableviewBasicTests.xctest; sourceTree = BUILT_PRODUCTS_DIR; };
		B4CDEC3E1B1EDAA200D225C7 /* Info.plist */ = {isa = PBXFileReference; lastKnownFileType = text.plist.xml; path = Info.plist; sourceTree = "<group>"; };
		B4CDEC3F1B1EDAA200D225C7 /* tableviewBasicTests.m */ = {isa = PBXFileReference; lastKnownFileType = sourcecode.c.objc; path = tableviewBasicTests.m; sourceTree = "<group>"; };
		B4CDECEF1B1EF14600D225C7 /* creativeCell.h */ = {isa = PBXFileReference; fileEncoding = 4; lastKnownFileType = sourcecode.c.h; path = creativeCell.h; sourceTree = "<group>"; };
		B4CDECF01B1EF14600D225C7 /* creativeCell.m */ = {isa = PBXFileReference; fileEncoding = 4; lastKnownFileType = sourcecode.c.objc; path = creativeCell.m; sourceTree = "<group>"; };
/* End PBXFileReference section */

/* Begin PBXFrameworksBuildPhase section */
		B4CDEC1A1B1EDAA200D225C7 /* Frameworks */ = {
			isa = PBXFrameworksBuildPhase;
			buildActionMask = 2147483647;
			files = (
			);
			runOnlyForDeploymentPostprocessing = 0;
		};
		B4CDEC361B1EDAA200D225C7 /* Frameworks */ = {
			isa = PBXFrameworksBuildPhase;
			buildActionMask = 2147483647;
			files = (
			);
			runOnlyForDeploymentPostprocessing = 0;
		};
/* End PBXFrameworksBuildPhase section */

/* Begin PBXGroup section */
		B4CDEC141B1EDAA200D225C7 = {
			isa = PBXGroup;
			children = (
				B4CDEC1F1B1EDAA200D225C7 /* tableviewBasic */,
				B4CDEC3C1B1EDAA200D225C7 /* tableviewBasicTests */,
				B4CDEC1E1B1EDAA200D225C7 /* Products */,
			);
			sourceTree = "<group>";
		};
		B4CDEC1E1B1EDAA200D225C7 /* Products */ = {
			isa = PBXGroup;
			children = (
				B4CDEC1D1B1EDAA200D225C7 /* tableviewBasic.app */,
				B4CDEC391B1EDAA200D225C7 /* tableviewBasicTests.xctest */,
			);
			name = Products;
			sourceTree = "<group>";
		};
		B4CDEC1F1B1EDAA200D225C7 /* tableviewBasic */ = {
			isa = PBXGroup;
			children = (
				B4CDEC241B1EDAA200D225C7 /* AppDelegate.h */,
				B4CDEC251B1EDAA200D225C7 /* AppDelegate.m */,
				B4CDEC2A1B1EDAA200D225C7 /* ViewController.h */,
				B4CDEC2B1B1EDAA200D225C7 /* ViewController.m */,
				B4CDEC2D1B1EDAA200D225C7 /* Main.storyboard */,
				B4CDECEF1B1EF14600D225C7 /* creativeCell.h */,
				B4CDECF01B1EF14600D225C7 /* creativeCell.m */,
				B4CDEC301B1EDAA200D225C7 /* Images.xcassets */,
				B4CDEC321B1EDAA200D225C7 /* LaunchScreen.xib */,
				B4CDEC271B1EDAA200D225C7 /* tableviewBasic.xcdatamodeld */,
				B4CDEC201B1EDAA200D225C7 /* Supporting Files */,
			);
			path = tableviewBasic;
			sourceTree = "<group>";
		};
		B4CDEC201B1EDAA200D225C7 /* Supporting Files */ = {
			isa = PBXGroup;
			children = (
				B4CDEC211B1EDAA200D225C7 /* Info.plist */,
				B4CDEC221B1EDAA200D225C7 /* main.m */,
			);
			name = "Supporting Files";
			sourceTree = "<group>";
		};
		B4CDEC3C1B1EDAA200D225C7 /* tableviewBasicTests */ = {
			isa = PBXGroup;
			children = (
				B4CDEC3F1B1EDAA200D225C7 /* tableviewBasicTests.m */,
				B4CDEC3D1B1EDAA200D225C7 /* Supporting Files */,
			);
			path = tableviewBasicTests;
			sourceTree = "<group>";
		};
		B4CDEC3D1B1EDAA200D225C7 /* Supporting Files */ = {
			isa = PBXGroup;
			children = (
				B4CDEC3E1B1EDAA200D225C7 /* Info.plist */,
			);
			name = "Supporting Files";
			sourceTree = "<group>";
		};
/* End PBXGroup section */

/* Begin PBXNativeTarget section */
		B4CDEC1C1B1EDAA200D225C7 /* tableviewBasic */ = {
			isa = PBXNativeTarget;
			buildConfigurationList = B4CDEC431B1EDAA200D225C7 /* Build configuration list for PBXNativeTarget "tableviewBasic" */;
			buildPhases = (
				B4CDEC191B1EDAA200D225C7 /* Sources */,
				B4CDEC1A1B1EDAA200D225C7 /* Frameworks */,
				B4CDEC1B1B1EDAA200D225C7 /* Resources */,
			);
			buildRules = (
			);
			dependencies = (
			);
			name = tableviewBasic;
			productName = tableviewBasic;
			productReference = B4CDEC1D1B1EDAA200D225C7 /* tableviewBasic.app */;
			productType = "com.apple.product-type.application";
		};
		B4CDEC381B1EDAA200D225C7 /* tableviewBasicTests */ = {
			isa = PBXNativeTarget;
			buildConfigurationList = B4CDEC461B1EDAA200D225C7 /* Build configuration list for PBXNativeTarget "tableviewBasicTests" */;
			buildPhases = (
				B4CDEC351B1EDAA200D225C7 /* Sources */,
				B4CDEC361B1EDAA200D225C7 /* Frameworks */,
				B4CDEC371B1EDAA200D225C7 /* Resources */,
			);
			buildRules = (
			);
			dependencies = (
				B4CDEC3B1B1EDAA200D225C7 /* PBXTargetDependency */,
			);
			name = tableviewBasicTests;
			productName = tableviewBasicTests;
			productReference = B4CDEC391B1EDAA200D225C7 /* tableviewBasicTests.xctest */;
			productType = "com.apple.product-type.bundle.unit-test";
		};
/* End PBXNativeTarget section */

/* Begin PBXProject section */
		B4CDEC151B1EDAA200D225C7 /* Project object */ = {
			isa = PBXProject;
			attributes = {
				LastUpgradeCheck = 0610;
				ORGANIZATIONNAME = FT;
				TargetAttributes = {
					B4CDEC1C1B1EDAA200D225C7 = {
						CreatedOnToolsVersion = 6.1.1;
					};
					B4CDEC381B1EDAA200D225C7 = {
						CreatedOnToolsVersion = 6.1.1;
						TestTargetID = B4CDEC1C1B1EDAA200D225C7;
					};
				};
			};
			buildConfigurationList = B4CDEC181B1EDAA200D225C7 /* Build configuration list for PBXProject "tableviewBasic" */;
			compatibilityVersion = "Xcode 3.2";
			developmentRegion = English;
			hasScannedForEncodings = 0;
			knownRegions = (
				en,
				Base,
			);
			mainGroup = B4CDEC141B1EDAA200D225C7;
			productRefGroup = B4CDEC1E1B1EDAA200D225C7 /* Products */;
			projectDirPath = "";
			projectRoot = "";
			targets = (
				B4CDEC1C1B1EDAA200D225C7 /* tableviewBasic */,
				B4CDEC381B1EDAA200D225C7 /* tableviewBasicTests */,
			);
		};
/* End PBXProject section */

/* Begin PBXResourcesBuildPhase section */
		B4CDEC1B1B1EDAA200D225C7 /* Resources */ = {
			isa = PBXResourcesBuildPhase;
			buildActionMask = 2147483647;
			files = (
				B4CDEC2F1B1EDAA200D225C7 /* Main.storyboard in Resources */,
				B4CDEC341B1EDAA200D225C7 /* LaunchScreen.xib in Resources */,
				B4CDEC311B1EDAA200D225C7 /* Images.xcassets in Resources */,
			);
			runOnlyForDeploymentPostprocessing = 0;
		};
		B4CDEC371B1EDAA200D225C7 /* Resources */ = {
			isa = PBXResourcesBuildPhase;
			buildActionMask = 2147483647;
			files = (
			);
			runOnlyForDeploymentPostprocessing = 0;
		};
/* End PBXResourcesBuildPhase section */

/* Begin PBXSourcesBuildPhase section */
		B4CDEC191B1EDAA200D225C7 /* Sources */ = {
			isa = PBXSourcesBuildPhase;
			buildActionMask = 2147483647;
			files = (
				B4CDEC261B1EDAA200D225C7 /* AppDelegate.m in Sources */,
				B4CDEC291B1EDAA200D225C7 /* tableviewBasic.xcdatamodeld in Sources */,
				B4CDEC2C1B1EDAA200D225C7 /* ViewController.m in Sources */,
				B4CDECF11B1EF14600D225C7 /* creativeCell.m in Sources */,
				B4CDEC231B1EDAA200D225C7 /* main.m in Sources */,
			);
			runOnlyForDeploymentPostprocessing = 0;
		};
		B4CDEC351B1EDAA200D225C7 /* Sources */ = {
			isa = PBXSourcesBuildPhase;
			buildActionMask = 2147483647;
			files = (
				B4CDEC401B1EDAA200D225C7 /* tableviewBasicTests.m in Sources */,
			);
			runOnlyForDeploymentPostprocessing = 0;
		};
/* End PBXSourcesBuildPhase section */

/* Begin PBXTargetDependency section */
		B4CDEC3B1B1EDAA200D225C7 /* PBXTargetDependency */ = {
			isa = PBXTargetDependency;
			target = B4CDEC1C1B1EDAA200D225C7 /* tableviewBasic */;
			targetProxy = B4CDEC3A1B1EDAA200D225C7 /* PBXContainerItemProxy */;
		};
/* End PBXTargetDependency section */

/* Begin PBXVariantGroup section */
		B4CDEC2D1B1EDAA200D225C7 /* Main.storyboard */ = {
			isa = PBXVariantGroup;
			children = (
				B4CDEC2E1B1EDAA200D225C7 /* Base */,
			);
			name = Main.storyboard;
			sourceTree = "<group>";
		};
		B4CDEC321B1EDAA200D225C7 /* LaunchScreen.xib */ = {
			isa = PBXVariantGroup;
			children = (
				B4CDEC331B1EDAA200D225C7 /* Base */,
			);
			name = LaunchScreen.xib;
			sourceTree = "<group>";
		};
/* End PBXVariantGroup section */

/* Begin XCBuildConfiguration section */
		B4CDEC411B1EDAA200D225C7 /* Debug */ = {
			isa = XCBuildConfiguration;
			buildSettings = {
				ALWAYS_SEARCH_USER_PATHS = NO;
				CLANG_CXX_LANGUAGE_STANDARD = "gnu++0x";
				CLANG_CXX_LIBRARY = "libc++";
				CLANG_ENABLE_MODULES = YES;
				CLANG_ENABLE_OBJC_ARC = YES;
				CLANG_WARN_BOOL_CONVERSION = YES;
				CLANG_WARN_CONSTANT_CONVERSION = YES;
				CLANG_WARN_DIRECT_OBJC_ISA_USAGE = YES_ERROR;
				CLANG_WARN_EMPTY_BODY = YES;
				CLANG_WARN_ENUM_CONVERSION = YES;
				CLANG_WARN_INT_CONVERSION = YES;
				CLANG_WARN_OBJC_ROOT_CLASS = YES_ERROR;
				CLANG_WARN_UNREACHABLE_CODE = YES;
				CLANG_WARN__DUPLICATE_METHOD_MATCH = YES;
				"CODE_SIGN_IDENTITY[sdk=iphoneos*]" = "iPhone Developer";
				COPY_PHASE_STRIP = NO;
				ENABLE_STRICT_OBJC_MSGSEND = YES;
				GCC_C_LANGUAGE_STANDARD = gnu99;
				GCC_DYNAMIC_NO_PIC = NO;
				GCC_OPTIMIZATION_LEVEL = 0;
				GCC_PREPROCESSOR_DEFINITIONS = (
					"DEBUG=1",
					"$(inherited)",
				);
				GCC_SYMBOLS_PRIVATE_EXTERN = NO;
				GCC_WARN_64_TO_32_BIT_CONVERSION = YES;
				GCC_WARN_ABOUT_RETURN_TYPE = YES_ERROR;
				GCC_WARN_UNDECLARED_SELECTOR = YES;
				GCC_WARN_UNINITIALIZED_AUTOS = YES_AGGRESSIVE;
				GCC_WARN_UNUSED_FUNCTION = YES;
				GCC_WARN_UNUSED_VARIABLE = YES;
				IPHONEOS_DEPLOYMENT_TARGET = 8.1;
				MTL_ENABLE_DEBUG_INFO = YES;
				ONLY_ACTIVE_ARCH = YES;
				SDKROOT = iphoneos;
			};
			name = Debug;
		};
		B4CDEC421B1EDAA200D225C7 /* Release */ = {
			isa = XCBuildConfiguration;
			buildSettings = {
				ALWAYS_SEARCH_USER_PATHS = NO;
				CLANG_CXX_LANGUAGE_STANDARD = "gnu++0x";
				CLANG_CXX_LIBRARY = "libc++";
				CLANG_ENABLE_MODULES = YES;
				CLANG_ENABLE_OBJC_ARC = YES;
				CLANG_WARN_BOOL_CONVERSION = YES;
				CLANG_WARN_CONSTANT_CONVERSION = YES;
				CLANG_WARN_DIRECT_OBJC_ISA_USAGE = YES_ERROR;
				CLANG_WARN_EMPTY_BODY = YES;
				CLANG_WARN_ENUM_CONVERSION = YES;
				CLANG_WARN_INT_CONVERSION = YES;
				CLANG_WARN_OBJC_ROOT_CLASS = YES_ERROR;
				CLANG_WARN_UNREACHABLE_CODE = YES;
				CLANG_WARN__DUPLICATE_METHOD_MATCH = YES;
				"CODE_SIGN_IDENTITY[sdk=iphoneos*]" = "iPhone Developer";
				COPY_PHASE_STRIP = YES;
				ENABLE_NS_ASSERTIONS = NO;
				ENABLE_STRICT_OBJC_MSGSEND = YES;
				GCC_C_LANGUAGE_STANDARD = gnu99;
				GCC_WARN_64_TO_32_BIT_CONVERSION = YES;
				GCC_WARN_ABOUT_RETURN_TYPE = YES_ERROR;
				GCC_WARN_UNDECLARED_SELECTOR = YES;
				GCC_WARN_UNINITIALIZED_AUTOS = YES_AGGRESSIVE;
				GCC_WARN_UNUSED_FUNCTION = YES;
				GCC_WARN_UNUSED_VARIABLE = YES;
				IPHONEOS_DEPLOYMENT_TARGET = 8.1;
				MTL_ENABLE_DEBUG_INFO = NO;
				SDKROOT = iphoneos;
				VALIDATE_PRODUCT = YES;
			};
			name = Release;
		};
		B4CDEC441B1EDAA200D225C7 /* Debug */ = {
			isa = XCBuildConfiguration;
			buildSettings = {
				ASSETCATALOG_COMPILER_APPICON_NAME = AppIcon;
				INFOPLIST_FILE = tableviewBasic/Info.plist;
				LD_RUNPATH_SEARCH_PATHS = "$(inherited) @executable_path/Frameworks";
				PRODUCT_NAME = "$(TARGET_NAME)";
			};
			name = Debug;
		};
		B4CDEC451B1EDAA200D225C7 /* Release */ = {
			isa = XCBuildConfiguration;
			buildSettings = {
				ASSETCATALOG_COMPILER_APPICON_NAME = AppIcon;
				INFOPLIST_FILE = tableviewBasic/Info.plist;
				LD_RUNPATH_SEARCH_PATHS = "$(inherited) @executable_path/Frameworks";
				PRODUCT_NAME = "$(TARGET_NAME)";
			};
			name = Release;
		};
		B4CDEC471B1EDAA200D225C7 /* Debug */ = {
			isa = XCBuildConfiguration;
			buildSettings = {
				BUNDLE_LOADER = "$(TEST_HOST)";
				FRAMEWORK_SEARCH_PATHS = (
					"$(SDKROOT)/Developer/Library/Frameworks",
					"$(inherited)",
				);
				GCC_PREPROCESSOR_DEFINITIONS = (
					"DEBUG=1",
					"$(inherited)",
				);
				INFOPLIST_FILE = tableviewBasicTests/Info.plist;
				LD_RUNPATH_SEARCH_PATHS = "$(inherited) @executable_path/Frameworks @loader_path/Frameworks";
				PRODUCT_NAME = "$(TARGET_NAME)";
				TEST_HOST = "$(BUILT_PRODUCTS_DIR)/tableviewBasic.app/tableviewBasic";
			};
			name = Debug;
		};
		B4CDEC481B1EDAA200D225C7 /* Release */ = {
			isa = XCBuildConfiguration;
			buildSettings = {
				BUNDLE_LOADER = "$(TEST_HOST)";
				FRAMEWORK_SEARCH_PATHS = (
					"$(SDKROOT)/Developer/Library/Frameworks",
					"$(inherited)",
				);
				INFOPLIST_FILE = tableviewBasicTests/Info.plist;
				LD_RUNPATH_SEARCH_PATHS = "$(inherited) @executable_path/Frameworks @loader_path/Frameworks";
				PRODUCT_NAME = "$(TARGET_NAME)";
				TEST_HOST = "$(BUILT_PRODUCTS_DIR)/tableviewBasic.app/tableviewBasic";
			};
			name = Release;
		};
/* End XCBuildConfiguration section */

/* Begin XCConfigurationList section */
		B4CDEC181B1EDAA200D225C7 /* Build configuration list for PBXProject "tableviewBasic" */ = {
			isa = XCConfigurationList;
			buildConfigurations = (
				B4CDEC411B1EDAA200D225C7 /* Debug */,
				B4CDEC421B1EDAA200D225C7 /* Release */,
			);
			defaultConfigurationIsVisible = 0;
			defaultConfigurationName = Release;
		};
		B4CDEC431B1EDAA200D225C7 /* Build configuration list for PBXNativeTarget "tableviewBasic" */ = {
			isa = XCConfigurationList;
			buildConfigurations = (
				B4CDEC441B1EDAA200D225C7 /* Debug */,
				B4CDEC451B1EDAA200D225C7 /* Release */,
			);
			defaultConfigurationIsVisible = 0;
			defaultConfigurationName = Release;
		};
		B4CDEC461B1EDAA200D225C7 /* Build configuration list for PBXNativeTarget "tableviewBasicTests" */ = {
			isa = XCConfigurationList;
			buildConfigurations = (
				B4CDEC471B1EDAA200D225C7 /* Debug */,
				B4CDEC481B1EDAA200D225C7 /* Release */,
			);
			defaultConfigurationIsVisible = 0;
			defaultConfigurationName = Release;
		};
/* End XCConfigurationList section */

/* Begin XCVersionGroup section */
		B4CDEC271B1EDAA200D225C7 /* tableviewBasic.xcdatamodeld */ = {
			isa = XCVersionGroup;
			children = (
				B4CDEC281B1EDAA200D225C7 /* tableviewBasic.xcdatamodel */,
			);
			currentVersion = B4CDEC281B1EDAA200D225C7 /* tableviewBasic.xcdatamodel */;
			path = tableviewBasic.xcdatamodeld;
			sourceTree = "<group>";
			versionGroupType = wrapper.xcdatamodel;
		};
/* End XCVersionGroup section */
	};
	rootObject = B4CDEC151B1EDAA200D225C7 /* Project object */;
}
