// !$*UTF8*$!
{
	archiveVersion = 1;
	classes = {
	};
	objectVersion = 46;
	objects = {

/* Begin PBXBuildFile section */
		B4D6BE091B1C99D7009B3088 /* main.m in Sources */ = {isa = PBXBuildFile; fileRef = B4D6BE081B1C99D7009B3088 /* main.m */; };
		B4D6BE0C1B1C99D7009B3088 /* AppDelegate.m in Sources */ = {isa = PBXBuildFile; fileRef = B4D6BE0B1B1C99D7009B3088 /* AppDelegate.m */; };
		B4D6BE0F1B1C99D7009B3088 /* whatsApp0.xcdatamodeld in Sources */ = {isa = PBXBuildFile; fileRef = B4D6BE0D1B1C99D7009B3088 /* whatsApp0.xcdatamodeld */; };
		B4D6BE121B1C99D7009B3088 /* ViewController.m in Sources */ = {isa = PBXBuildFile; fileRef = B4D6BE111B1C99D7009B3088 /* ViewController.m */; };
		B4D6BE151B1C99D7009B3088 /* Main.storyboard in Resources */ = {isa = PBXBuildFile; fileRef = B4D6BE131B1C99D7009B3088 /* Main.storyboard */; };
		B4D6BE171B1C99D7009B3088 /* Images.xcassets in Resources */ = {isa = PBXBuildFile; fileRef = B4D6BE161B1C99D7009B3088 /* Images.xcassets */; };
		B4D6BE1A1B1C99D7009B3088 /* LaunchScreen.xib in Resources */ = {isa = PBXBuildFile; fileRef = B4D6BE181B1C99D7009B3088 /* LaunchScreen.xib */; };
		B4D6BE261B1C99D7009B3088 /* whatsApp0Tests.m in Sources */ = {isa = PBXBuildFile; fileRef = B4D6BE251B1C99D7009B3088 /* whatsApp0Tests.m */; };
/* End PBXBuildFile section */

/* Begin PBXContainerItemProxy section */
		B4D6BE201B1C99D7009B3088 /* PBXContainerItemProxy */ = {
			isa = PBXContainerItemProxy;
			containerPortal = B4D6BDFB1B1C99D7009B3088 /* Project object */;
			proxyType = 1;
			remoteGlobalIDString = B4D6BE021B1C99D7009B3088;
			remoteInfo = whatsApp0;
		};
/* End PBXContainerItemProxy section */

/* Begin PBXFileReference section */
		B4D6BE031B1C99D7009B3088 /* whatsApp0.app */ = {isa = PBXFileReference; explicitFileType = wrapper.application; includeInIndex = 0; path = whatsApp0.app; sourceTree = BUILT_PRODUCTS_DIR; };
		B4D6BE071B1C99D7009B3088 /* Info.plist */ = {isa = PBXFileReference; lastKnownFileType = text.plist.xml; path = Info.plist; sourceTree = "<group>"; };
		B4D6BE081B1C99D7009B3088 /* main.m */ = {isa = PBXFileReference; lastKnownFileType = sourcecode.c.objc; path = main.m; sourceTree = "<group>"; };
		B4D6BE0A1B1C99D7009B3088 /* AppDelegate.h */ = {isa = PBXFileReference; lastKnownFileType = sourcecode.c.h; path = AppDelegate.h; sourceTree = "<group>"; };
		B4D6BE0B1B1C99D7009B3088 /* AppDelegate.m */ = {isa = PBXFileReference; lastKnownFileType = sourcecode.c.objc; path = AppDelegate.m; sourceTree = "<group>"; };
		B4D6BE0E1B1C99D7009B3088 /* whatsApp0.xcdatamodel */ = {isa = PBXFileReference; lastKnownFileType = wrapper.xcdatamodel; path = whatsApp0.xcdatamodel; sourceTree = "<group>"; };
		B4D6BE101B1C99D7009B3088 /* ViewController.h */ = {isa = PBXFileReference; lastKnownFileType = sourcecode.c.h; path = ViewController.h; sourceTree = "<group>"; };
		B4D6BE111B1C99D7009B3088 /* ViewController.m */ = {isa = PBXFileReference; lastKnownFileType = sourcecode.c.objc; path = ViewController.m; sourceTree = "<group>"; };
		B4D6BE141B1C99D7009B3088 /* Base */ = {isa = PBXFileReference; lastKnownFileType = file.storyboard; name = Base; path = Base.lproj/Main.storyboard; sourceTree = "<group>"; };
		B4D6BE161B1C99D7009B3088 /* Images.xcassets */ = {isa = PBXFileReference; lastKnownFileType = folder.assetcatalog; path = Images.xcassets; sourceTree = "<group>"; };
		B4D6BE191B1C99D7009B3088 /* Base */ = {isa = PBXFileReference; lastKnownFileType = file.xib; name = Base; path = Base.lproj/LaunchScreen.xib; sourceTree = "<group>"; };
		B4D6BE1F1B1C99D7009B3088 /* whatsApp0Tests.xctest */ = {isa = PBXFileReference; explicitFileType = wrapper.cfbundle; includeInIndex = 0; path = whatsApp0Tests.xctest; sourceTree = BUILT_PRODUCTS_DIR; };
		B4D6BE241B1C99D7009B3088 /* Info.plist */ = {isa = PBXFileReference; lastKnownFileType = text.plist.xml; path = Info.plist; sourceTree = "<group>"; };
		B4D6BE251B1C99D7009B3088 /* whatsApp0Tests.m */ = {isa = PBXFileReference; lastKnownFileType = sourcecode.c.objc; path = whatsApp0Tests.m; sourceTree = "<group>"; };
/* End PBXFileReference section */

/* Begin PBXFrameworksBuildPhase section */
		B4D6BE001B1C99D7009B3088 /* Frameworks */ = {
			isa = PBXFrameworksBuildPhase;
			buildActionMask = 2147483647;
			files = (
			);
			runOnlyForDeploymentPostprocessing = 0;
		};
		B4D6BE1C1B1C99D7009B3088 /* Frameworks */ = {
			isa = PBXFrameworksBuildPhase;
			buildActionMask = 2147483647;
			files = (
			);
			runOnlyForDeploymentPostprocessing = 0;
		};
/* End PBXFrameworksBuildPhase section */

/* Begin PBXGroup section */
		B4D6BDFA1B1C99D7009B3088 = {
			isa = PBXGroup;
			children = (
				B4D6BE051B1C99D7009B3088 /* whatsApp0 */,
				B4D6BE221B1C99D7009B3088 /* whatsApp0Tests */,
				B4D6BE041B1C99D7009B3088 /* Products */,
			);
			sourceTree = "<group>";
		};
		B4D6BE041B1C99D7009B3088 /* Products */ = {
			isa = PBXGroup;
			children = (
				B4D6BE031B1C99D7009B3088 /* whatsApp0.app */,
				B4D6BE1F1B1C99D7009B3088 /* whatsApp0Tests.xctest */,
			);
			name = Products;
			sourceTree = "<group>";
		};
		B4D6BE051B1C99D7009B3088 /* whatsApp0 */ = {
			isa = PBXGroup;
			children = (
				B4D6BE0A1B1C99D7009B3088 /* AppDelegate.h */,
				B4D6BE0B1B1C99D7009B3088 /* AppDelegate.m */,
				B4D6BE101B1C99D7009B3088 /* ViewController.h */,
				B4D6BE111B1C99D7009B3088 /* ViewController.m */,
				B4D6BE131B1C99D7009B3088 /* Main.storyboard */,
				B4D6BE161B1C99D7009B3088 /* Images.xcassets */,
				B4D6BE181B1C99D7009B3088 /* LaunchScreen.xib */,
				B4D6BE0D1B1C99D7009B3088 /* whatsApp0.xcdatamodeld */,
				B4D6BE061B1C99D7009B3088 /* Supporting Files */,
			);
			path = whatsApp0;
			sourceTree = "<group>";
		};
		B4D6BE061B1C99D7009B3088 /* Supporting Files */ = {
			isa = PBXGroup;
			children = (
				B4D6BE071B1C99D7009B3088 /* Info.plist */,
				B4D6BE081B1C99D7009B3088 /* main.m */,
			);
			name = "Supporting Files";
			sourceTree = "<group>";
		};
		B4D6BE221B1C99D7009B3088 /* whatsApp0Tests */ = {
			isa = PBXGroup;
			children = (
				B4D6BE251B1C99D7009B3088 /* whatsApp0Tests.m */,
				B4D6BE231B1C99D7009B3088 /* Supporting Files */,
			);
			path = whatsApp0Tests;
			sourceTree = "<group>";
		};
		B4D6BE231B1C99D7009B3088 /* Supporting Files */ = {
			isa = PBXGroup;
			children = (
				B4D6BE241B1C99D7009B3088 /* Info.plist */,
			);
			name = "Supporting Files";
			sourceTree = "<group>";
		};
/* End PBXGroup section */

/* Begin PBXNativeTarget section */
		B4D6BE021B1C99D7009B3088 /* whatsApp0 */ = {
			isa = PBXNativeTarget;
			buildConfigurationList = B4D6BE291B1C99D7009B3088 /* Build configuration list for PBXNativeTarget "whatsApp0" */;
			buildPhases = (
				B4D6BDFF1B1C99D7009B3088 /* Sources */,
				B4D6BE001B1C99D7009B3088 /* Frameworks */,
				B4D6BE011B1C99D7009B3088 /* Resources */,
			);
			buildRules = (
			);
			dependencies = (
			);
			name = whatsApp0;
			productName = whatsApp0;
			productReference = B4D6BE031B1C99D7009B3088 /* whatsApp0.app */;
			productType = "com.apple.product-type.application";
		};
		B4D6BE1E1B1C99D7009B3088 /* whatsApp0Tests */ = {
			isa = PBXNativeTarget;
			buildConfigurationList = B4D6BE2C1B1C99D7009B3088 /* Build configuration list for PBXNativeTarget "whatsApp0Tests" */;
			buildPhases = (
				B4D6BE1B1B1C99D7009B3088 /* Sources */,
				B4D6BE1C1B1C99D7009B3088 /* Frameworks */,
				B4D6BE1D1B1C99D7009B3088 /* Resources */,
			);
			buildRules = (
			);
			dependencies = (
				B4D6BE211B1C99D7009B3088 /* PBXTargetDependency */,
			);
			name = whatsApp0Tests;
			productName = whatsApp0Tests;
			productReference = B4D6BE1F1B1C99D7009B3088 /* whatsApp0Tests.xctest */;
			productType = "com.apple.product-type.bundle.unit-test";
		};
/* End PBXNativeTarget section */

/* Begin PBXProject section */
		B4D6BDFB1B1C99D7009B3088 /* Project object */ = {
			isa = PBXProject;
			attributes = {
				LastUpgradeCheck = 0610;
				ORGANIZATIONNAME = FT;
				TargetAttributes = {
					B4D6BE021B1C99D7009B3088 = {
						CreatedOnToolsVersion = 6.1.1;
					};
					B4D6BE1E1B1C99D7009B3088 = {
						CreatedOnToolsVersion = 6.1.1;
						TestTargetID = B4D6BE021B1C99D7009B3088;
					};
				};
			};
			buildConfigurationList = B4D6BDFE1B1C99D7009B3088 /* Build configuration list for PBXProject "whatsApp0" */;
			compatibilityVersion = "Xcode 3.2";
			developmentRegion = English;
			hasScannedForEncodings = 0;
			knownRegions = (
				en,
				Base,
			);
			mainGroup = B4D6BDFA1B1C99D7009B3088;
			productRefGroup = B4D6BE041B1C99D7009B3088 /* Products */;
			projectDirPath = "";
			projectRoot = "";
			targets = (
				B4D6BE021B1C99D7009B3088 /* whatsApp0 */,
				B4D6BE1E1B1C99D7009B3088 /* whatsApp0Tests */,
			);
		};
/* End PBXProject section */

/* Begin PBXResourcesBuildPhase section */
		B4D6BE011B1C99D7009B3088 /* Resources */ = {
			isa = PBXResourcesBuildPhase;
			buildActionMask = 2147483647;
			files = (
				B4D6BE151B1C99D7009B3088 /* Main.storyboard in Resources */,
				B4D6BE1A1B1C99D7009B3088 /* LaunchScreen.xib in Resources */,
				B4D6BE171B1C99D7009B3088 /* Images.xcassets in Resources */,
			);
			runOnlyForDeploymentPostprocessing = 0;
		};
		B4D6BE1D1B1C99D7009B3088 /* Resources */ = {
			isa = PBXResourcesBuildPhase;
			buildActionMask = 2147483647;
			files = (
			);
			runOnlyForDeploymentPostprocessing = 0;
		};
/* End PBXResourcesBuildPhase section */

/* Begin PBXSourcesBuildPhase section */
		B4D6BDFF1B1C99D7009B3088 /* Sources */ = {
			isa = PBXSourcesBuildPhase;
			buildActionMask = 2147483647;
			files = (
				B4D6BE0C1B1C99D7009B3088 /* AppDelegate.m in Sources */,
				B4D6BE091B1C99D7009B3088 /* main.m in Sources */,
				B4D6BE121B1C99D7009B3088 /* ViewController.m in Sources */,
				B4D6BE0F1B1C99D7009B3088 /* whatsApp0.xcdatamodeld in Sources */,
			);
			runOnlyForDeploymentPostprocessing = 0;
		};
		B4D6BE1B1B1C99D7009B3088 /* Sources */ = {
			isa = PBXSourcesBuildPhase;
			buildActionMask = 2147483647;
			files = (
				B4D6BE261B1C99D7009B3088 /* whatsApp0Tests.m in Sources */,
			);
			runOnlyForDeploymentPostprocessing = 0;
		};
/* End PBXSourcesBuildPhase section */

/* Begin PBXTargetDependency section */
		B4D6BE211B1C99D7009B3088 /* PBXTargetDependency */ = {
			isa = PBXTargetDependency;
			target = B4D6BE021B1C99D7009B3088 /* whatsApp0 */;
			targetProxy = B4D6BE201B1C99D7009B3088 /* PBXContainerItemProxy */;
		};
/* End PBXTargetDependency section */

/* Begin PBXVariantGroup section */
		B4D6BE131B1C99D7009B3088 /* Main.storyboard */ = {
			isa = PBXVariantGroup;
			children = (
				B4D6BE141B1C99D7009B3088 /* Base */,
			);
			name = Main.storyboard;
			sourceTree = "<group>";
		};
		B4D6BE181B1C99D7009B3088 /* LaunchScreen.xib */ = {
			isa = PBXVariantGroup;
			children = (
				B4D6BE191B1C99D7009B3088 /* Base */,
			);
			name = LaunchScreen.xib;
			sourceTree = "<group>";
		};
/* End PBXVariantGroup section */

/* Begin XCBuildConfiguration section */
		B4D6BE271B1C99D7009B3088 /* Debug */ = {
			isa = XCBuildConfiguration;
			buildSettings = {
				ALWAYS_SEARCH_USER_PATHS = NO;
				CLANG_CXX_LANGUAGE_STANDARD = "gnu++0x";
				CLANG_CXX_LIBRARY = "libc++";
				CLANG_ENABLE_MODULES = YES;
				CLANG_ENABLE_OBJC_ARC = YES;
				CLANG_WARN_BOOL_CONVERSION = YES;
				CLANG_WARN_CONSTANT_CONVERSION = YES;
				CLANG_WARN_DIRECT_OBJC_ISA_USAGE = YES_ERROR;
				CLANG_WARN_EMPTY_BODY = YES;
				CLANG_WARN_ENUM_CONVERSION = YES;
				CLANG_WARN_INT_CONVERSION = YES;
				CLANG_WARN_OBJC_ROOT_CLASS = YES_ERROR;
				CLANG_WARN_UNREACHABLE_CODE = YES;
				CLANG_WARN__DUPLICATE_METHOD_MATCH = YES;
				"CODE_SIGN_IDENTITY[sdk=iphoneos*]" = "iPhone Developer";
				COPY_PHASE_STRIP = NO;
				ENABLE_STRICT_OBJC_MSGSEND = YES;
				GCC_C_LANGUAGE_STANDARD = gnu99;
				GCC_DYNAMIC_NO_PIC = NO;
				GCC_OPTIMIZATION_LEVEL = 0;
				GCC_PREPROCESSOR_DEFINITIONS = (
					"DEBUG=1",
					"$(inherited)",
				);
				GCC_SYMBOLS_PRIVATE_EXTERN = NO;
				GCC_WARN_64_TO_32_BIT_CONVERSION = YES;
				GCC_WARN_ABOUT_RETURN_TYPE = YES_ERROR;
				GCC_WARN_UNDECLARED_SELECTOR = YES;
				GCC_WARN_UNINITIALIZED_AUTOS = YES_AGGRESSIVE;
				GCC_WARN_UNUSED_FUNCTION = YES;
				GCC_WARN_UNUSED_VARIABLE = YES;
				IPHONEOS_DEPLOYMENT_TARGET = 8.1;
				MTL_ENABLE_DEBUG_INFO = YES;
				ONLY_ACTIVE_ARCH = YES;
				SDKROOT = iphoneos;
			};
			name = Debug;
		};
		B4D6BE281B1C99D7009B3088 /* Release */ = {
			isa = XCBuildConfiguration;
			buildSettings = {
				ALWAYS_SEARCH_USER_PATHS = NO;
				CLANG_CXX_LANGUAGE_STANDARD = "gnu++0x";
				CLANG_CXX_LIBRARY = "libc++";
				CLANG_ENABLE_MODULES = YES;
				CLANG_ENABLE_OBJC_ARC = YES;
				CLANG_WARN_BOOL_CONVERSION = YES;
				CLANG_WARN_CONSTANT_CONVERSION = YES;
				CLANG_WARN_DIRECT_OBJC_ISA_USAGE = YES_ERROR;
				CLANG_WARN_EMPTY_BODY = YES;
				CLANG_WARN_ENUM_CONVERSION = YES;
				CLANG_WARN_INT_CONVERSION = YES;
				CLANG_WARN_OBJC_ROOT_CLASS = YES_ERROR;
				CLANG_WARN_UNREACHABLE_CODE = YES;
				CLANG_WARN__DUPLICATE_METHOD_MATCH = YES;
				"CODE_SIGN_IDENTITY[sdk=iphoneos*]" = "iPhone Developer";
				COPY_PHASE_STRIP = YES;
				ENABLE_NS_ASSERTIONS = NO;
				ENABLE_STRICT_OBJC_MSGSEND = YES;
				GCC_C_LANGUAGE_STANDARD = gnu99;
				GCC_WARN_64_TO_32_BIT_CONVERSION = YES;
				GCC_WARN_ABOUT_RETURN_TYPE = YES_ERROR;
				GCC_WARN_UNDECLARED_SELECTOR = YES;
				GCC_WARN_UNINITIALIZED_AUTOS = YES_AGGRESSIVE;
				GCC_WARN_UNUSED_FUNCTION = YES;
				GCC_WARN_UNUSED_VARIABLE = YES;
				IPHONEOS_DEPLOYMENT_TARGET = 8.1;
				MTL_ENABLE_DEBUG_INFO = NO;
				SDKROOT = iphoneos;
				VALIDATE_PRODUCT = YES;
			};
			name = Release;
		};
		B4D6BE2A1B1C99D7009B3088 /* Debug */ = {
			isa = XCBuildConfiguration;
			buildSettings = {
				ASSETCATALOG_COMPILER_APPICON_NAME = AppIcon;
				INFOPLIST_FILE = whatsApp0/Info.plist;
				LD_RUNPATH_SEARCH_PATHS = "$(inherited) @executable_path/Frameworks";
				PRODUCT_NAME = "$(TARGET_NAME)";
			};
			name = Debug;
		};
		B4D6BE2B1B1C99D7009B3088 /* Release */ = {
			isa = XCBuildConfiguration;
			buildSettings = {
				ASSETCATALOG_COMPILER_APPICON_NAME = AppIcon;
				INFOPLIST_FILE = whatsApp0/Info.plist;
				LD_RUNPATH_SEARCH_PATHS = "$(inherited) @executable_path/Frameworks";
				PRODUCT_NAME = "$(TARGET_NAME)";
			};
			name = Release;
		};
		B4D6BE2D1B1C99D7009B3088 /* Debug */ = {
			isa = XCBuildConfiguration;
			buildSettings = {
				BUNDLE_LOADER = "$(TEST_HOST)";
				FRAMEWORK_SEARCH_PATHS = (
					"$(SDKROOT)/Developer/Library/Frameworks",
					"$(inherited)",
				);
				GCC_PREPROCESSOR_DEFINITIONS = (
					"DEBUG=1",
					"$(inherited)",
				);
				INFOPLIST_FILE = whatsApp0Tests/Info.plist;
				LD_RUNPATH_SEARCH_PATHS = "$(inherited) @executable_path/Frameworks @loader_path/Frameworks";
				PRODUCT_NAME = "$(TARGET_NAME)";
				TEST_HOST = "$(BUILT_PRODUCTS_DIR)/whatsApp0.app/whatsApp0";
			};
			name = Debug;
		};
		B4D6BE2E1B1C99D7009B3088 /* Release */ = {
			isa = XCBuildConfiguration;
			buildSettings = {
				BUNDLE_LOADER = "$(TEST_HOST)";
				FRAMEWORK_SEARCH_PATHS = (
					"$(SDKROOT)/Developer/Library/Frameworks",
					"$(inherited)",
				);
				INFOPLIST_FILE = whatsApp0Tests/Info.plist;
				LD_RUNPATH_SEARCH_PATHS = "$(inherited) @executable_path/Frameworks @loader_path/Frameworks";
				PRODUCT_NAME = "$(TARGET_NAME)";
				TEST_HOST = "$(BUILT_PRODUCTS_DIR)/whatsApp0.app/whatsApp0";
			};
			name = Release;
		};
/* End XCBuildConfiguration section */

/* Begin XCConfigurationList section */
		B4D6BDFE1B1C99D7009B3088 /* Build configuration list for PBXProject "whatsApp0" */ = {
			isa = XCConfigurationList;
			buildConfigurations = (
				B4D6BE271B1C99D7009B3088 /* Debug */,
				B4D6BE281B1C99D7009B3088 /* Release */,
			);
			defaultConfigurationIsVisible = 0;
			defaultConfigurationName = Release;
		};
		B4D6BE291B1C99D7009B3088 /* Build configuration list for PBXNativeTarget "whatsApp0" */ = {
			isa = XCConfigurationList;
			buildConfigurations = (
				B4D6BE2A1B1C99D7009B3088 /* Debug */,
				B4D6BE2B1B1C99D7009B3088 /* Release */,
			);
			defaultConfigurationIsVisible = 0;
		};
		B4D6BE2C1B1C99D7009B3088 /* Build configuration list for PBXNativeTarget "whatsApp0Tests" */ = {
			isa = XCConfigurationList;
			buildConfigurations = (
				B4D6BE2D1B1C99D7009B3088 /* Debug */,
				B4D6BE2E1B1C99D7009B3088 /* Release */,
			);
			defaultConfigurationIsVisible = 0;
		};
/* End XCConfigurationList section */

/* Begin XCVersionGroup section */
		B4D6BE0D1B1C99D7009B3088 /* whatsApp0.xcdatamodeld */ = {
			isa = XCVersionGroup;
			children = (
				B4D6BE0E1B1C99D7009B3088 /* whatsApp0.xcdatamodel */,
			);
			currentVersion = B4D6BE0E1B1C99D7009B3088 /* whatsApp0.xcdatamodel */;
			path = whatsApp0.xcdatamodeld;
			sourceTree = "<group>";
			versionGroupType = wrapper.xcdatamodel;
		};
/* End XCVersionGroup section */
	};
	rootObject = B4D6BDFB1B1C99D7009B3088 /* Project object */;
}
