// !$*UTF8*$!
{
	archiveVersion = 1;
	classes = {
	};
	objectVersion = 46;
	objects = {

/* Begin PBXBuildFile section */
		B4CDEC8D1B1EDAEE00D225C7 /* main.m in Sources */ = {isa = PBXBuildFile; fileRef = B4CDEC8C1B1EDAEE00D225C7 /* main.m */; };
		B4CDEC901B1EDAEE00D225C7 /* AppDelegate.m in Sources */ = {isa = PBXBuildFile; fileRef = B4CDEC8F1B1EDAEE00D225C7 /* AppDelegate.m */; };
		B4CDEC931B1EDAEE00D225C7 /* tableviewframe2.xcdatamodeld in Sources */ = {isa = PBXBuildFile; fileRef = B4CDEC911B1EDAEE00D225C7 /* tableviewframe2.xcdatamodeld */; };
		B4CDEC961B1EDAEE00D225C7 /* MasterViewController.m in Sources */ = {isa = PBXBuildFile; fileRef = B4CDEC951B1EDAEE00D225C7 /* MasterViewController.m */; };
		B4CDEC991B1EDAEE00D225C7 /* DetailViewController.m in Sources */ = {isa = PBXBuildFile; fileRef = B4CDEC981B1EDAEE00D225C7 /* DetailViewController.m */; };
		B4CDEC9C1B1EDAEE00D225C7 /* Main.storyboard in Resources */ = {isa = PBXBuildFile; fileRef = B4CDEC9A1B1EDAEE00D225C7 /* Main.storyboard */; };
		B4CDEC9E1B1EDAEE00D225C7 /* Images.xcassets in Resources */ = {isa = PBXBuildFile; fileRef = B4CDEC9D1B1EDAEE00D225C7 /* Images.xcassets */; };
		B4CDECA11B1EDAEE00D225C7 /* LaunchScreen.xib in Resources */ = {isa = PBXBuildFile; fileRef = B4CDEC9F1B1EDAEE00D225C7 /* LaunchScreen.xib */; };
		B4CDECAD1B1EDAEE00D225C7 /* tableviewframe2Tests.m in Sources */ = {isa = PBXBuildFile; fileRef = B4CDECAC1B1EDAEE00D225C7 /* tableviewframe2Tests.m */; };
		B4CDECB71B1EDB8300D225C7 /* tableviewSkeleton.m in Sources */ = {isa = PBXBuildFile; fileRef = B4CDECB61B1EDB8300D225C7 /* tableviewSkeleton.m */; };
/* End PBXBuildFile section */

/* Begin PBXContainerItemProxy section */
		B4CDECA71B1EDAEE00D225C7 /* PBXContainerItemProxy */ = {
			isa = PBXContainerItemProxy;
			containerPortal = B4CDEC7F1B1EDAEE00D225C7 /* Project object */;
			proxyType = 1;
			remoteGlobalIDString = B4CDEC861B1EDAEE00D225C7;
			remoteInfo = tableviewframe2;
		};
/* End PBXContainerItemProxy section */

/* Begin PBXFileReference section */
		B4CDEC871B1EDAEE00D225C7 /* tableviewframe2.app */ = {isa = PBXFileReference; explicitFileType = wrapper.application; includeInIndex = 0; path = tableviewframe2.app; sourceTree = BUILT_PRODUCTS_DIR; };
		B4CDEC8B1B1EDAEE00D225C7 /* Info.plist */ = {isa = PBXFileReference; lastKnownFileType = text.plist.xml; path = Info.plist; sourceTree = "<group>"; };
		B4CDEC8C1B1EDAEE00D225C7 /* main.m */ = {isa = PBXFileReference; lastKnownFileType = sourcecode.c.objc; path = main.m; sourceTree = "<group>"; };
		B4CDEC8E1B1EDAEE00D225C7 /* AppDelegate.h */ = {isa = PBXFileReference; lastKnownFileType = sourcecode.c.h; path = AppDelegate.h; sourceTree = "<group>"; };
		B4CDEC8F1B1EDAEE00D225C7 /* AppDelegate.m */ = {isa = PBXFileReference; lastKnownFileType = sourcecode.c.objc; path = AppDelegate.m; sourceTree = "<group>"; };
		B4CDEC921B1EDAEE00D225C7 /* tableviewframe2.xcdatamodel */ = {isa = PBXFileReference; lastKnownFileType = wrapper.xcdatamodel; path = tableviewframe2.xcdatamodel; sourceTree = "<group>"; };
		B4CDEC941B1EDAEE00D225C7 /* MasterViewController.h */ = {isa = PBXFileReference; lastKnownFileType = sourcecode.c.h; path = MasterViewController.h; sourceTree = "<group>"; };
		B4CDEC951B1EDAEE00D225C7 /* MasterViewController.m */ = {isa = PBXFileReference; lastKnownFileType = sourcecode.c.objc; path = MasterViewController.m; sourceTree = "<group>"; };
		B4CDEC971B1EDAEE00D225C7 /* DetailViewController.h */ = {isa = PBXFileReference; lastKnownFileType = sourcecode.c.h; path = DetailViewController.h; sourceTree = "<group>"; };
		B4CDEC981B1EDAEE00D225C7 /* DetailViewController.m */ = {isa = PBXFileReference; lastKnownFileType = sourcecode.c.objc; path = DetailViewController.m; sourceTree = "<group>"; };
		B4CDEC9B1B1EDAEE00D225C7 /* Base */ = {isa = PBXFileReference; lastKnownFileType = file.storyboard; name = Base; path = Base.lproj/Main.storyboard; sourceTree = "<group>"; };
		B4CDEC9D1B1EDAEE00D225C7 /* Images.xcassets */ = {isa = PBXFileReference; lastKnownFileType = folder.assetcatalog; path = Images.xcassets; sourceTree = "<group>"; };
		B4CDECA01B1EDAEE00D225C7 /* Base */ = {isa = PBXFileReference; lastKnownFileType = file.xib; name = Base; path = Base.lproj/LaunchScreen.xib; sourceTree = "<group>"; };
		B4CDECA61B1EDAEE00D225C7 /* tableviewframe2Tests.xctest */ = {isa = PBXFileReference; explicitFileType = wrapper.cfbundle; includeInIndex = 0; path = tableviewframe2Tests.xctest; sourceTree = BUILT_PRODUCTS_DIR; };
		B4CDECAB1B1EDAEE00D225C7 /* Info.plist */ = {isa = PBXFileReference; lastKnownFileType = text.plist.xml; path = Info.plist; sourceTree = "<group>"; };
		B4CDECAC1B1EDAEE00D225C7 /* tableviewframe2Tests.m */ = {isa = PBXFileReference; lastKnownFileType = sourcecode.c.objc; path = tableviewframe2Tests.m; sourceTree = "<group>"; };
		B4CDECB61B1EDB8300D225C7 /* tableviewSkeleton.m */ = {isa = PBXFileReference; fileEncoding = 4; lastKnownFileType = sourcecode.c.objc; path = tableviewSkeleton.m; sourceTree = "<group>"; };
/* End PBXFileReference section */

/* Begin PBXFrameworksBuildPhase section */
		B4CDEC841B1EDAEE00D225C7 /* Frameworks */ = {
			isa = PBXFrameworksBuildPhase;
			buildActionMask = 2147483647;
			files = (
			);
			runOnlyForDeploymentPostprocessing = 0;
		};
		B4CDECA31B1EDAEE00D225C7 /* Frameworks */ = {
			isa = PBXFrameworksBuildPhase;
			buildActionMask = 2147483647;
			files = (
			);
			runOnlyForDeploymentPostprocessing = 0;
		};
/* End PBXFrameworksBuildPhase section */

/* Begin PBXGroup section */
		B4CDEC7E1B1EDAEE00D225C7 = {
			isa = PBXGroup;
			children = (
				B4CDEC891B1EDAEE00D225C7 /* tableviewframe2 */,
				B4CDECA91B1EDAEE00D225C7 /* tableviewframe2Tests */,
				B4CDEC881B1EDAEE00D225C7 /* Products */,
			);
			sourceTree = "<group>";
		};
		B4CDEC881B1EDAEE00D225C7 /* Products */ = {
			isa = PBXGroup;
			children = (
				B4CDEC871B1EDAEE00D225C7 /* tableviewframe2.app */,
				B4CDECA61B1EDAEE00D225C7 /* tableviewframe2Tests.xctest */,
			);
			name = Products;
			sourceTree = "<group>";
		};
		B4CDEC891B1EDAEE00D225C7 /* tableviewframe2 */ = {
			isa = PBXGroup;
			children = (
				B4CDEC8E1B1EDAEE00D225C7 /* AppDelegate.h */,
				B4CDEC8F1B1EDAEE00D225C7 /* AppDelegate.m */,
				B4CDEC941B1EDAEE00D225C7 /* MasterViewController.h */,
				B4CDEC951B1EDAEE00D225C7 /* MasterViewController.m */,
				B4CDECB61B1EDB8300D225C7 /* tableviewSkeleton.m */,
				B4CDEC971B1EDAEE00D225C7 /* DetailViewController.h */,
				B4CDEC981B1EDAEE00D225C7 /* DetailViewController.m */,
				B4CDEC9A1B1EDAEE00D225C7 /* Main.storyboard */,
				B4CDEC9D1B1EDAEE00D225C7 /* Images.xcassets */,
				B4CDEC9F1B1EDAEE00D225C7 /* LaunchScreen.xib */,
				B4CDEC911B1EDAEE00D225C7 /* tableviewframe2.xcdatamodeld */,
				B4CDEC8A1B1EDAEE00D225C7 /* Supporting Files */,
			);
			path = tableviewframe2;
			sourceTree = "<group>";
		};
		B4CDEC8A1B1EDAEE00D225C7 /* Supporting Files */ = {
			isa = PBXGroup;
			children = (
				B4CDEC8B1B1EDAEE00D225C7 /* Info.plist */,
				B4CDEC8C1B1EDAEE00D225C7 /* main.m */,
			);
			name = "Supporting Files";
			sourceTree = "<group>";
		};
		B4CDECA91B1EDAEE00D225C7 /* tableviewframe2Tests */ = {
			isa = PBXGroup;
			children = (
				B4CDECAC1B1EDAEE00D225C7 /* tableviewframe2Tests.m */,
				B4CDECAA1B1EDAEE00D225C7 /* Supporting Files */,
			);
			path = tableviewframe2Tests;
			sourceTree = "<group>";
		};
		B4CDECAA1B1EDAEE00D225C7 /* Supporting Files */ = {
			isa = PBXGroup;
			children = (
				B4CDECAB1B1EDAEE00D225C7 /* Info.plist */,
			);
			name = "Supporting Files";
			sourceTree = "<group>";
		};
/* End PBXGroup section */

/* Begin PBXNativeTarget section */
		B4CDEC861B1EDAEE00D225C7 /* tableviewframe2 */ = {
			isa = PBXNativeTarget;
			buildConfigurationList = B4CDECB01B1EDAEE00D225C7 /* Build configuration list for PBXNativeTarget "tableviewframe2" */;
			buildPhases = (
				B4CDEC831B1EDAEE00D225C7 /* Sources */,
				B4CDEC841B1EDAEE00D225C7 /* Frameworks */,
				B4CDEC851B1EDAEE00D225C7 /* Resources */,
			);
			buildRules = (
			);
			dependencies = (
			);
			name = tableviewframe2;
			productName = tableviewframe2;
			productReference = B4CDEC871B1EDAEE00D225C7 /* tableviewframe2.app */;
			productType = "com.apple.product-type.application";
		};
		B4CDECA51B1EDAEE00D225C7 /* tableviewframe2Tests */ = {
			isa = PBXNativeTarget;
			buildConfigurationList = B4CDECB31B1EDAEE00D225C7 /* Build configuration list for PBXNativeTarget "tableviewframe2Tests" */;
			buildPhases = (
				B4CDECA21B1EDAEE00D225C7 /* Sources */,
				B4CDECA31B1EDAEE00D225C7 /* Frameworks */,
				B4CDECA41B1EDAEE00D225C7 /* Resources */,
			);
			buildRules = (
			);
			dependencies = (
				B4CDECA81B1EDAEE00D225C7 /* PBXTargetDependency */,
			);
			name = tableviewframe2Tests;
			productName = tableviewframe2Tests;
			productReference = B4CDECA61B1EDAEE00D225C7 /* tableviewframe2Tests.xctest */;
			productType = "com.apple.product-type.bundle.unit-test";
		};
/* End PBXNativeTarget section */

/* Begin PBXProject section */
		B4CDEC7F1B1EDAEE00D225C7 /* Project object */ = {
			isa = PBXProject;
			attributes = {
				LastUpgradeCheck = 0610;
				ORGANIZATIONNAME = FT;
				TargetAttributes = {
					B4CDEC861B1EDAEE00D225C7 = {
						CreatedOnToolsVersion = 6.1.1;
					};
					B4CDECA51B1EDAEE00D225C7 = {
						CreatedOnToolsVersion = 6.1.1;
						TestTargetID = B4CDEC861B1EDAEE00D225C7;
					};
				};
			};
			buildConfigurationList = B4CDEC821B1EDAEE00D225C7 /* Build configuration list for PBXProject "tableviewframe2" */;
			compatibilityVersion = "Xcode 3.2";
			developmentRegion = English;
			hasScannedForEncodings = 0;
			knownRegions = (
				en,
				Base,
			);
			mainGroup = B4CDEC7E1B1EDAEE00D225C7;
			productRefGroup = B4CDEC881B1EDAEE00D225C7 /* Products */;
			projectDirPath = "";
			projectRoot = "";
			targets = (
				B4CDEC861B1EDAEE00D225C7 /* tableviewframe2 */,
				B4CDECA51B1EDAEE00D225C7 /* tableviewframe2Tests */,
			);
		};
/* End PBXProject section */

/* Begin PBXResourcesBuildPhase section */
		B4CDEC851B1EDAEE00D225C7 /* Resources */ = {
			isa = PBXResourcesBuildPhase;
			buildActionMask = 2147483647;
			files = (
				B4CDEC9C1B1EDAEE00D225C7 /* Main.storyboard in Resources */,
				B4CDECA11B1EDAEE00D225C7 /* LaunchScreen.xib in Resources */,
				B4CDEC9E1B1EDAEE00D225C7 /* Images.xcassets in Resources */,
			);
			runOnlyForDeploymentPostprocessing = 0;
		};
		B4CDECA41B1EDAEE00D225C7 /* Resources */ = {
			isa = PBXResourcesBuildPhase;
			buildActionMask = 2147483647;
			files = (
			);
			runOnlyForDeploymentPostprocessing = 0;
		};
/* End PBXResourcesBuildPhase section */

/* Begin PBXSourcesBuildPhase section */
		B4CDEC831B1EDAEE00D225C7 /* Sources */ = {
			isa = PBXSourcesBuildPhase;
			buildActionMask = 2147483647;
			files = (
				B4CDEC991B1EDAEE00D225C7 /* DetailViewController.m in Sources */,
				B4CDEC961B1EDAEE00D225C7 /* MasterViewController.m in Sources */,
				B4CDECB71B1EDB8300D225C7 /* tableviewSkeleton.m in Sources */,
				B4CDEC901B1EDAEE00D225C7 /* AppDelegate.m in Sources */,
				B4CDEC8D1B1EDAEE00D225C7 /* main.m in Sources */,
				B4CDEC931B1EDAEE00D225C7 /* tableviewframe2.xcdatamodeld in Sources */,
			);
			runOnlyForDeploymentPostprocessing = 0;
		};
		B4CDECA21B1EDAEE00D225C7 /* Sources */ = {
			isa = PBXSourcesBuildPhase;
			buildActionMask = 2147483647;
			files = (
				B4CDECAD1B1EDAEE00D225C7 /* tableviewframe2Tests.m in Sources */,
			);
			runOnlyForDeploymentPostprocessing = 0;
		};
/* End PBXSourcesBuildPhase section */

/* Begin PBXTargetDependency section */
		B4CDECA81B1EDAEE00D225C7 /* PBXTargetDependency */ = {
			isa = PBXTargetDependency;
			target = B4CDEC861B1EDAEE00D225C7 /* tableviewframe2 */;
			targetProxy = B4CDECA71B1EDAEE00D225C7 /* PBXContainerItemProxy */;
		};
/* End PBXTargetDependency section */

/* Begin PBXVariantGroup section */
		B4CDEC9A1B1EDAEE00D225C7 /* Main.storyboard */ = {
			isa = PBXVariantGroup;
			children = (
				B4CDEC9B1B1EDAEE00D225C7 /* Base */,
			);
			name = Main.storyboard;
			sourceTree = "<group>";
		};
		B4CDEC9F1B1EDAEE00D225C7 /* LaunchScreen.xib */ = {
			isa = PBXVariantGroup;
			children = (
				B4CDECA01B1EDAEE00D225C7 /* Base */,
			);
			name = LaunchScreen.xib;
			sourceTree = "<group>";
		};
/* End PBXVariantGroup section */

/* Begin XCBuildConfiguration section */
		B4CDECAE1B1EDAEE00D225C7 /* Debug */ = {
			isa = XCBuildConfiguration;
			buildSettings = {
				ALWAYS_SEARCH_USER_PATHS = NO;
				CLANG_CXX_LANGUAGE_STANDARD = "gnu++0x";
				CLANG_CXX_LIBRARY = "libc++";
				CLANG_ENABLE_MODULES = YES;
				CLANG_ENABLE_OBJC_ARC = YES;
				CLANG_WARN_BOOL_CONVERSION = YES;
				CLANG_WARN_CONSTANT_CONVERSION = YES;
				CLANG_WARN_DIRECT_OBJC_ISA_USAGE = YES_ERROR;
				CLANG_WARN_EMPTY_BODY = YES;
				CLANG_WARN_ENUM_CONVERSION = YES;
				CLANG_WARN_INT_CONVERSION = YES;
				CLANG_WARN_OBJC_ROOT_CLASS = YES_ERROR;
				CLANG_WARN_UNREACHABLE_CODE = YES;
				CLANG_WARN__DUPLICATE_METHOD_MATCH = YES;
				"CODE_SIGN_IDENTITY[sdk=iphoneos*]" = "iPhone Developer";
				COPY_PHASE_STRIP = NO;
				ENABLE_STRICT_OBJC_MSGSEND = YES;
				GCC_C_LANGUAGE_STANDARD = gnu99;
				GCC_DYNAMIC_NO_PIC = NO;
				GCC_OPTIMIZATION_LEVEL = 0;
				GCC_PREPROCESSOR_DEFINITIONS = (
					"DEBUG=1",
					"$(inherited)",
				);
				GCC_SYMBOLS_PRIVATE_EXTERN = NO;
				GCC_WARN_64_TO_32_BIT_CONVERSION = YES;
				GCC_WARN_ABOUT_RETURN_TYPE = YES_ERROR;
				GCC_WARN_UNDECLARED_SELECTOR = YES;
				GCC_WARN_UNINITIALIZED_AUTOS = YES_AGGRESSIVE;
				GCC_WARN_UNUSED_FUNCTION = YES;
				GCC_WARN_UNUSED_VARIABLE = YES;
				IPHONEOS_DEPLOYMENT_TARGET = 8.1;
				MTL_ENABLE_DEBUG_INFO = YES;
				ONLY_ACTIVE_ARCH = YES;
				SDKROOT = iphoneos;
			};
			name = Debug;
		};
		B4CDECAF1B1EDAEE00D225C7 /* Release */ = {
			isa = XCBuildConfiguration;
			buildSettings = {
				ALWAYS_SEARCH_USER_PATHS = NO;
				CLANG_CXX_LANGUAGE_STANDARD = "gnu++0x";
				CLANG_CXX_LIBRARY = "libc++";
				CLANG_ENABLE_MODULES = YES;
				CLANG_ENABLE_OBJC_ARC = YES;
				CLANG_WARN_BOOL_CONVERSION = YES;
				CLANG_WARN_CONSTANT_CONVERSION = YES;
				CLANG_WARN_DIRECT_OBJC_ISA_USAGE = YES_ERROR;
				CLANG_WARN_EMPTY_BODY = YES;
				CLANG_WARN_ENUM_CONVERSION = YES;
				CLANG_WARN_INT_CONVERSION = YES;
				CLANG_WARN_OBJC_ROOT_CLASS = YES_ERROR;
				CLANG_WARN_UNREACHABLE_CODE = YES;
				CLANG_WARN__DUPLICATE_METHOD_MATCH = YES;
				"CODE_SIGN_IDENTITY[sdk=iphoneos*]" = "iPhone Developer";
				COPY_PHASE_STRIP = YES;
				ENABLE_NS_ASSERTIONS = NO;
				ENABLE_STRICT_OBJC_MSGSEND = YES;
				GCC_C_LANGUAGE_STANDARD = gnu99;
				GCC_WARN_64_TO_32_BIT_CONVERSION = YES;
				GCC_WARN_ABOUT_RETURN_TYPE = YES_ERROR;
				GCC_WARN_UNDECLARED_SELECTOR = YES;
				GCC_WARN_UNINITIALIZED_AUTOS = YES_AGGRESSIVE;
				GCC_WARN_UNUSED_FUNCTION = YES;
				GCC_WARN_UNUSED_VARIABLE = YES;
				IPHONEOS_DEPLOYMENT_TARGET = 8.1;
				MTL_ENABLE_DEBUG_INFO = NO;
				SDKROOT = iphoneos;
				VALIDATE_PRODUCT = YES;
			};
			name = Release;
		};
		B4CDECB11B1EDAEE00D225C7 /* Debug */ = {
			isa = XCBuildConfiguration;
			buildSettings = {
				ASSETCATALOG_COMPILER_APPICON_NAME = AppIcon;
				INFOPLIST_FILE = tableviewframe2/Info.plist;
				LD_RUNPATH_SEARCH_PATHS = "$(inherited) @executable_path/Frameworks";
				PRODUCT_NAME = "$(TARGET_NAME)";
			};
			name = Debug;
		};
		B4CDECB21B1EDAEE00D225C7 /* Release */ = {
			isa = XCBuildConfiguration;
			buildSettings = {
				ASSETCATALOG_COMPILER_APPICON_NAME = AppIcon;
				INFOPLIST_FILE = tableviewframe2/Info.plist;
				LD_RUNPATH_SEARCH_PATHS = "$(inherited) @executable_path/Frameworks";
				PRODUCT_NAME = "$(TARGET_NAME)";
			};
			name = Release;
		};
		B4CDECB41B1EDAEE00D225C7 /* Debug */ = {
			isa = XCBuildConfiguration;
			buildSettings = {
				BUNDLE_LOADER = "$(TEST_HOST)";
				FRAMEWORK_SEARCH_PATHS = (
					"$(SDKROOT)/Developer/Library/Frameworks",
					"$(inherited)",
				);
				GCC_PREPROCESSOR_DEFINITIONS = (
					"DEBUG=1",
					"$(inherited)",
				);
				INFOPLIST_FILE = tableviewframe2Tests/Info.plist;
				LD_RUNPATH_SEARCH_PATHS = "$(inherited) @executable_path/Frameworks @loader_path/Frameworks";
				PRODUCT_NAME = "$(TARGET_NAME)";
				TEST_HOST = "$(BUILT_PRODUCTS_DIR)/tableviewframe2.app/tableviewframe2";
			};
			name = Debug;
		};
		B4CDECB51B1EDAEE00D225C7 /* Release */ = {
			isa = XCBuildConfiguration;
			buildSettings = {
				BUNDLE_LOADER = "$(TEST_HOST)";
				FRAMEWORK_SEARCH_PATHS = (
					"$(SDKROOT)/Developer/Library/Frameworks",
					"$(inherited)",
				);
				INFOPLIST_FILE = tableviewframe2Tests/Info.plist;
				LD_RUNPATH_SEARCH_PATHS = "$(inherited) @executable_path/Frameworks @loader_path/Frameworks";
				PRODUCT_NAME = "$(TARGET_NAME)";
				TEST_HOST = "$(BUILT_PRODUCTS_DIR)/tableviewframe2.app/tableviewframe2";
			};
			name = Release;
		};
/* End XCBuildConfiguration section */

/* Begin XCConfigurationList section */
		B4CDEC821B1EDAEE00D225C7 /* Build configuration list for PBXProject "tableviewframe2" */ = {
			isa = XCConfigurationList;
			buildConfigurations = (
				B4CDECAE1B1EDAEE00D225C7 /* Debug */,
				B4CDECAF1B1EDAEE00D225C7 /* Release */,
			);
			defaultConfigurationIsVisible = 0;
			defaultConfigurationName = Release;
		};
		B4CDECB01B1EDAEE00D225C7 /* Build configuration list for PBXNativeTarget "tableviewframe2" */ = {
			isa = XCConfigurationList;
			buildConfigurations = (
				B4CDECB11B1EDAEE00D225C7 /* Debug */,
				B4CDECB21B1EDAEE00D225C7 /* Release */,
			);
			defaultConfigurationIsVisible = 0;
		};
		B4CDECB31B1EDAEE00D225C7 /* Build configuration list for PBXNativeTarget "tableviewframe2Tests" */ = {
			isa = XCConfigurationList;
			buildConfigurations = (
				B4CDECB41B1EDAEE00D225C7 /* Debug */,
				B4CDECB51B1EDAEE00D225C7 /* Release */,
			);
			defaultConfigurationIsVisible = 0;
		};
/* End XCConfigurationList section */

/* Begin XCVersionGroup section */
		B4CDEC911B1EDAEE00D225C7 /* tableviewframe2.xcdatamodeld */ = {
			isa = XCVersionGroup;
			children = (
				B4CDEC921B1EDAEE00D225C7 /* tableviewframe2.xcdatamodel */,
			);
			currentVersion = B4CDEC921B1EDAEE00D225C7 /* tableviewframe2.xcdatamodel */;
			path = tableviewframe2.xcdatamodeld;
			sourceTree = "<group>";
			versionGroupType = wrapper.xcdatamodel;
		};
/* End XCVersionGroup section */
	};
	rootObject = B4CDEC7F1B1EDAEE00D225C7 /* Project object */;
}
